PODS:
  - Bolts (1.9.0):
    - Bolts/AppLinks (= 1.9.0)
    - Bolts/Tasks (= 1.9.0)
  - Bolts/AppLinks (1.9.0):
    - Bolts/Tasks
  - Bolts/Tasks (1.9.0)
  - BuddyBuildSDK (1.0.17)
  - Charts (3.1.1):
    - Charts/Core (= 3.1.1)
  - Charts/Core (3.1.1)
  - FacebookCore (0.3.3):
    - Bolts (~> 1.9)
    - FBSDKCoreKit (~> 4.36)
  - FBSDKCoreKit (4.36.0):
    - Bolts (~> 1.7)
  - Hero (1.3.1)
  - Mixpanel (3.3.3)
  - Mixpanel-swift (2.4.2):
    - Mixpanel-swift/Complete (= 2.4.2)
  - Mixpanel-swift/Complete (2.4.2)
  - NVActivityIndicatorView (4.2.1):
    - NVActivityIndicatorView/Presenter (= 4.2.1)
  - NVActivityIndicatorView/Presenter (4.2.1)

DEPENDENCIES:
  - BuddyBuildSDK (~> 1.0.17)
  - Charts (~> 3.1.1)
  - FacebookCore
  - Hero
  - Mixpanel (~> 3.3.3)
  - Mixpanel-swift (~> 2.4.2)
  - NVActivityIndicatorView (~> 4.2.1)

SPEC REPOS:
  https://github.com/cocoapods/specs.git:
    - Bolts
    - BuddyBuildSDK
    - Charts
    - FacebookCore
    - FBSDKCoreKit
    - Hero
    - Mixpanel
    - Mixpanel-swift
    - NVActivityIndicatorView

SPEC CHECKSUMS:
  Bolts: ac6567323eac61e203f6a9763667d0f711be34c8
  BuddyBuildSDK: 8ae12ee721098b356a961ea7dce70ae55f93a7d2
  Charts: 90a4d61da0f6e06684c591e3bcab11940fe61736
  FacebookCore: 9ecbe48cfd37c91a93add7f8cec2b4a2c50a1eec
  FBSDKCoreKit: 3b8e6570eedb443f9fc4af196a7bf39f18e3a3d8
  Hero: 1c3c625ba05856f305d29f5c270f8766c5ff2df7
  Mixpanel: 3c3925c27f7a321d5978319a72f53f8f0885afc5
  Mixpanel-swift: 63de6f5a14468b8d65e0d62ae250714455e17407
  NVActivityIndicatorView: 8068ba3ad39cb44cbaab25d89ff2546b3f092681

PODFILE CHECKSUM: db92184b0c89117e074f73dc71e9fa4771c9d50d

COCOAPODS: 1.6.0.beta.1
