PODS:
  - Bolts (1.9.0):
    - Bolts/AppLinks (= 1.9.0)
    - Bolts/Tasks (= 1.9.0)
  - Bolts/AppLinks (1.9.0):
    - Bolts/Tasks
  - Bolts/Tasks (1.9.0)
  - BuddyBuildSDK (1.0.17)
  - Cache (5.2.0)
  - Charts (3.1.1):
    - Charts/Core (= 3.1.1)
  - Charts/Core (3.1.1)
  - FacebookCore (0.3.3):
    - Bolts (~> 1.9)
    - FBSDKCoreKit (~> 4.36)
  - FBSDKCoreKit (4.38.1):
    - Bolts (~> 1.9)
  - Hero (1.4.0)
  - lottie-ios (2.5.2)
  - Mixpanel (3.3.6)
  - Mixpanel-swift (2.4.5):
    - Mixpanel-swift/Complete (= 2.4.5)
  - Mixpanel-swift/Complete (2.4.5)
  - NVActivityIndicatorView (4.2.1):
    - NVActivityIndicatorView/Presenter (= 4.2.1)
  - NVActivityIndicatorView/Presenter (4.2.1)
  - SDWebImage (4.4.2):
    - SDWebImage/Core (= 4.4.2)
  - SDWebImage/Core (4.4.2)
  - SwiftyJSON (4.2.0)

DEPENDENCIES:
  - BuddyBuildSDK (~> 1.0.17)
  - Cache (~> 5.2.0)
  - Charts (~> 3.1.1)
  - FacebookCore (~> 0.3.3)
  - Hero (~> 1.4.0)
  - lottie-ios (~> 2.5.2)
  - Mixpanel (~> 3.3.6)
  - Mixpanel-swift (~> 2.4.2)
  - NVActivityIndicatorView (~> 4.2.1)
  - SDWebImage (~> 4.0)
  - SwiftyJSON (~> 4.0)

SPEC REPOS:
  https://github.com/cocoapods/specs.git:
    - Bolts
    - BuddyBuildSDK
    - Cache
    - Charts
    - FacebookCore
    - FBSDKCoreKit
    - Hero
    - lottie-ios
    - Mixpanel
    - Mixpanel-swift
    - NVActivityIndicatorView
    - SDWebImage
    - SwiftyJSON

SPEC CHECKSUMS:
  Bolts: ac6567323eac61e203f6a9763667d0f711be34c8
  BuddyBuildSDK: 8ae12ee721098b356a961ea7dce70ae55f93a7d2
  Cache: 807c5d86d01a177f06ede9865add3aea269bbfd4
  Charts: 90a4d61da0f6e06684c591e3bcab11940fe61736
  FacebookCore: 9ecbe48cfd37c91a93add7f8cec2b4a2c50a1eec
  FBSDKCoreKit: 8d47857400e2f5bdea697a80daff882e91c84ef6
  Hero: bac92350d7201a1a940003e0767c7b52ce7c99a1
  lottie-ios: 3fef45d3fabe63e3c7c2eb603dd64ddfffc73062
  Mixpanel: 801ed99810d6bfc80762f91d472ad95c15e45f37
  Mixpanel-swift: a9ed3dd197d8f2837920cec6be1acdb51d07b31a
  NVActivityIndicatorView: 8068ba3ad39cb44cbaab25d89ff2546b3f092681
  SDWebImage: 624d6e296c69b244bcede364c72ae0430ac14681
  SwiftyJSON: c4bcba26dd9ec7a027fc8eade48e2c911f229e96

PODFILE CHECKSUM: 70c5c5b22be50bb624a51851136d8d3251847cd9

COCOAPODS: 1.6.0.beta.1
