// !$*UTF8*$!
{
	archiveVersion = 1;
	classes = {
	};
	objectVersion = 48;
	objects = {

/* Begin PBXBuildFile section */
		0D53E8CB86D55DEC3ABD3EED /* Pods_Zendo_WatchKit_Extension.framework in Frameworks */ = {isa = PBXBuildFile; fileRef = E5A68E6B7BCA076B4161502D /* Pods_Zendo_WatchKit_Extension.framework */; };
		121F25FE211B367D00C1CC96 /* SessionCommands.swift in Sources */ = {isa = PBXBuildFile; fileRef = 121F25FD211B367D00C1CC96 /* SessionCommands.swift */; };
		121F2600211B372300C1CC96 /* SessionDelegater.swift in Sources */ = {isa = PBXBuildFile; fileRef = 121F25FF211B372300C1CC96 /* SessionDelegater.swift */; };
		121F2605211B3D9C00C1CC96 /* Notification+Name.swift in Sources */ = {isa = PBXBuildFile; fileRef = 121F2604211B3D9C00C1CC96 /* Notification+Name.swift */; };
		121F260A211B499300C1CC96 /* HealthKitViewController.swift in Sources */ = {isa = PBXBuildFile; fileRef = 121F2609211B499300C1CC96 /* HealthKitViewController.swift */; };
		1246C422212725140011F5D3 /* BalloonMarker.swift in Sources */ = {isa = PBXBuildFile; fileRef = 1246C421212725140011F5D3 /* BalloonMarker.swift */; };
		12477F222119A27700D8AE83 /* Settings.swift in Sources */ = {isa = PBXBuildFile; fileRef = 12477F212119A27700D8AE83 /* Settings.swift */; };
		1277A526215CF3F800B15CE6 /* SummaryInterfaceController.swift in Sources */ = {isa = PBXBuildFile; fileRef = 1277A525215CF3F800B15CE6 /* SummaryInterfaceController.swift */; };
		1277A527215D227C00B15CE6 /* Date.swift in Sources */ = {isa = PBXBuildFile; fileRef = 12FFCAE6210F7E40007E2480 /* Date.swift */; };
		1280DD632125DCB100F3DFC1 /* MMChartFormatter.swift in Sources */ = {isa = PBXBuildFile; fileRef = 1280DD622125DCB100F3DFC1 /* MMChartFormatter.swift */; };
		128D0BB92111D30900A4D757 /* UIDevice+Size.swift in Sources */ = {isa = PBXBuildFile; fileRef = 128D0BB82111D30900A4D757 /* UIDevice+Size.swift */; };
		12C1A7282119B74B00EEFF4F /* ZenButton.swift in Sources */ = {isa = PBXBuildFile; fileRef = 12C1A7272119B74B00EEFF4F /* ZenButton.swift */; };
		12C1A72A2119B75900EEFF4F /* ZenButton.xib in Resources */ = {isa = PBXBuildFile; fileRef = 12C1A7292119B75900EEFF4F /* ZenButton.xib */; };
		12C1A72C2119B78900EEFF4F /* UIView+Nib.swift in Sources */ = {isa = PBXBuildFile; fileRef = 12C1A72B2119B78900EEFF4F /* UIView+Nib.swift */; };
		12C1A72E2119C27C00EEFF4F /* ZenInfoView.swift in Sources */ = {isa = PBXBuildFile; fileRef = 12C1A72D2119C27C00EEFF4F /* ZenInfoView.swift */; };
		12C1A7302119C28700EEFF4F /* ZenInfoView.xib in Resources */ = {isa = PBXBuildFile; fileRef = 12C1A72F2119C28700EEFF4F /* ZenInfoView.xib */; };
		12C2C27D2137F7E80039C7A0 /* ZenTextField.swift in Sources */ = {isa = PBXBuildFile; fileRef = 12C2C27C2137F7E80039C7A0 /* ZenTextField.swift */; };
		12C2C27F2137F7F70039C7A0 /* ZenTextField.xib in Resources */ = {isa = PBXBuildFile; fileRef = 12C2C27E2137F7F70039C7A0 /* ZenTextField.xib */; };
		12C2C2812137FCA90039C7A0 /* CommunityViewController.swift in Sources */ = {isa = PBXBuildFile; fileRef = 12C2C2802137FCA90039C7A0 /* CommunityViewController.swift */; };
		12C2C286213802760039C7A0 /* String.swift in Sources */ = {isa = PBXBuildFile; fileRef = 12C2C285213802760039C7A0 /* String.swift */; };
		12CBA45E213549560066F671 /* TimeZone+UTC.swift in Sources */ = {isa = PBXBuildFile; fileRef = 12CBA45D213549560066F671 /* TimeZone+UTC.swift */; };
		12CE364E211302A900EF0196 /* UIView.swift in Sources */ = {isa = PBXBuildFile; fileRef = 12CE364D211302A900EF0196 /* UIView.swift */; };
		12CE3652211327D300EF0196 /* TabBarController.swift in Sources */ = {isa = PBXBuildFile; fileRef = 12CE3651211327D300EF0196 /* TabBarController.swift */; };
		12CE365421132A7100EF0196 /* UIImage.swift in Sources */ = {isa = PBXBuildFile; fileRef = 12CE365321132A7100EF0196 /* UIImage.swift */; };
		12CE61E32158FB3A00AD8A11 /* TimeInterval.swift in Sources */ = {isa = PBXBuildFile; fileRef = 12E2A19D21106E4500E0E911 /* TimeInterval.swift */; };
		12CE61E42158FEA100AD8A11 /* Antenna-Regular.otf in Resources */ = {isa = PBXBuildFile; fileRef = 12E2A1A6211073D600E0E911 /* Antenna-Regular.otf */; };
		12CE61E52158FEFF00AD8A11 /* Antenna-ExtraLight.otf in Resources */ = {isa = PBXBuildFile; fileRef = 12E2A1A3211073D600E0E911 /* Antenna-ExtraLight.otf */; };
		12CE61E62158FF0200AD8A11 /* Antenna-Light.otf in Resources */ = {isa = PBXBuildFile; fileRef = 12E2A1A5211073D600E0E911 /* Antenna-Light.otf */; };
		12CE61E72158FF0300AD8A11 /* Antenna-Light.otf in Resources */ = {isa = PBXBuildFile; fileRef = 12E2A1A5211073D600E0E911 /* Antenna-Light.otf */; };
		12CE61E82158FF0700AD8A11 /* Antenna-ExtraLight.otf in Resources */ = {isa = PBXBuildFile; fileRef = 12E2A1A3211073D600E0E911 /* Antenna-ExtraLight.otf */; };
		12CE61E92158FF0900AD8A11 /* Antenna-Medium.otf in Resources */ = {isa = PBXBuildFile; fileRef = 12E2A1A4211073D600E0E911 /* Antenna-Medium.otf */; };
		12CE61EA2158FF0A00AD8A11 /* Antenna-Medium.otf in Resources */ = {isa = PBXBuildFile; fileRef = 12E2A1A4211073D600E0E911 /* Antenna-Medium.otf */; };
		12CE61EB2158FF0D00AD8A11 /* Antenna-Regular.otf in Resources */ = {isa = PBXBuildFile; fileRef = 12E2A1A6211073D600E0E911 /* Antenna-Regular.otf */; };
		12D3BB34211A00B40081CAE2 /* OverviewTableViewCell.swift in Sources */ = {isa = PBXBuildFile; fileRef = 12D3BB33211A00B40081CAE2 /* OverviewTableViewCell.swift */; };
		12DAE77C212B1A1200D28DD7 /* Array.swift in Sources */ = {isa = PBXBuildFile; fileRef = 12DAE77B212B1A1200D28DD7 /* Array.swift */; };
		12E189BC211C6387004EADE9 /* UIViewController.swift in Sources */ = {isa = PBXBuildFile; fileRef = 12E189BB211C6387004EADE9 /* UIViewController.swift */; };
		12E189C1211C64AB004EADE9 /* UIApplication.swift in Sources */ = {isa = PBXBuildFile; fileRef = 12E189C0211C64AB004EADE9 /* UIApplication.swift */; };
		12E2A19E21106E4500E0E911 /* TimeInterval.swift in Sources */ = {isa = PBXBuildFile; fileRef = 12E2A19D21106E4500E0E911 /* TimeInterval.swift */; };
		12E2A1A7211073D600E0E911 /* Antenna-ExtraLight.otf in Resources */ = {isa = PBXBuildFile; fileRef = 12E2A1A3211073D600E0E911 /* Antenna-ExtraLight.otf */; };
		12E2A1A8211073D600E0E911 /* Antenna-Medium.otf in Resources */ = {isa = PBXBuildFile; fileRef = 12E2A1A4211073D600E0E911 /* Antenna-Medium.otf */; };
		12E2A1A9211073D700E0E911 /* Antenna-Light.otf in Resources */ = {isa = PBXBuildFile; fileRef = 12E2A1A5211073D600E0E911 /* Antenna-Light.otf */; };
		12E2A1AA211073D700E0E911 /* Antenna-Regular.otf in Resources */ = {isa = PBXBuildFile; fileRef = 12E2A1A6211073D600E0E911 /* Antenna-Regular.otf */; };
		12E2A1B22110774000E0E911 /* ConstraintFont.swift in Sources */ = {isa = PBXBuildFile; fileRef = 12E2A1B12110774000E0E911 /* ConstraintFont.swift */; };
		12E2A1B521107A9400E0E911 /* UIFont.swift in Sources */ = {isa = PBXBuildFile; fileRef = 12E2A1B421107A9400E0E911 /* UIFont.swift */; };
		12E2A1B721107CE400E0E911 /* UIColor+Zendo.swift in Sources */ = {isa = PBXBuildFile; fileRef = 12E2A1B621107CE400E0E911 /* UIColor+Zendo.swift */; };
		12F121352125B67D00F5451D /* ConstraintMetadata.swift in Sources */ = {isa = PBXBuildFile; fileRef = 12F121342125B67D00F5451D /* ConstraintMetadata.swift */; };
		12F121362125B68400F5451D /* ConstraintMetadata.swift in Sources */ = {isa = PBXBuildFile; fileRef = 12F121342125B67D00F5451D /* ConstraintMetadata.swift */; };
		12FFCAE1210F6DA0007E2480 /* ZendoTableViewCell.swift in Sources */ = {isa = PBXBuildFile; fileRef = 12FFCAE0210F6DA0007E2480 /* ZendoTableViewCell.swift */; };
		12FFCAE5210F7DDD007E2480 /* Cell+ReuseIdentifier.swift in Sources */ = {isa = PBXBuildFile; fileRef = 12FFCAE4210F7DDD007E2480 /* Cell+ReuseIdentifier.swift */; };
		12FFCAE7210F7E40007E2480 /* Date.swift in Sources */ = {isa = PBXBuildFile; fileRef = 12FFCAE6210F7E40007E2480 /* Date.swift */; };
		7C58E4E41E858E4241584A97 /* Pods_Zendo.framework in Frameworks */ = {isa = PBXBuildFile; fileRef = CA85D12F03B88975AECB0609 /* Pods_Zendo.framework */; };
		BE066BD820F1EFC10008747D /* OverviewController.swift in Sources */ = {isa = PBXBuildFile; fileRef = BE066BD720F1EFC10008747D /* OverviewController.swift */; };
		BE066BDD20F1F3D10008747D /* PageController.swift in Sources */ = {isa = PBXBuildFile; fileRef = BE066BDC20F1F3D10008747D /* PageController.swift */; };
		BE0A7228209C2B83009E23AA /* OptionsInterfaceController.swift in Sources */ = {isa = PBXBuildFile; fileRef = BE0A7227209C2B83009E23AA /* OptionsInterfaceController.swift */; };
		BE0B4EB2213E05AF006C3773 /* BluetoothManager.swift in Sources */ = {isa = PBXBuildFile; fileRef = BE0B4EB1213E05AF006C3773 /* BluetoothManager.swift */; };
		BE24023B1FFC961A008679C4 /* Session.swift in Sources */ = {isa = PBXBuildFile; fileRef = BE24023A1FFC961A008679C4 /* Session.swift */; };
		BE24023D1FFC965F008679C4 /* SessionInterfaceController.swift in Sources */ = {isa = PBXBuildFile; fileRef = BE24023C1FFC965F008679C4 /* SessionInterfaceController.swift */; };
		BE2E81ED1FF44A7B00D104AC /* AppDelegate.swift in Sources */ = {isa = PBXBuildFile; fileRef = BE2E81EC1FF44A7B00D104AC /* AppDelegate.swift */; };
		BE2E81EF1FF44A7B00D104AC /* ZendoController.swift in Sources */ = {isa = PBXBuildFile; fileRef = BE2E81EE1FF44A7B00D104AC /* ZendoController.swift */; };
		BE2E81F21FF44A7B00D104AC /* Main.storyboard in Resources */ = {isa = PBXBuildFile; fileRef = BE2E81F01FF44A7B00D104AC /* Main.storyboard */; };
		BE2E81F71FF44A7B00D104AC /* LaunchScreen.storyboard in Resources */ = {isa = PBXBuildFile; fileRef = BE2E81F51FF44A7B00D104AC /* LaunchScreen.storyboard */; };
		BE2E81FC1FF44A7B00D104AC /* Zendo WatchKit App.app in Embed Watch Content */ = {isa = PBXBuildFile; fileRef = BE2E81FB1FF44A7B00D104AC /* Zendo WatchKit App.app */; };
		BE2E82021FF44A7B00D104AC /* Interface.storyboard in Resources */ = {isa = PBXBuildFile; fileRef = BE2E82001FF44A7B00D104AC /* Interface.storyboard */; };
		BE2E820B1FF44A7B00D104AC /* Zendo WatchKit Extension.appex in Embed App Extensions */ = {isa = PBXBuildFile; fileRef = BE2E820A1FF44A7B00D104AC /* Zendo WatchKit Extension.appex */; settings = {ATTRIBUTES = (RemoveHeadersOnCopy, ); }; };
		BE2E82101FF44A7B00D104AC /* AppInterfaceController.swift in Sources */ = {isa = PBXBuildFile; fileRef = BE2E820F1FF44A7B00D104AC /* AppInterfaceController.swift */; };
		BE2E82121FF44A7B00D104AC /* ExtensionDelegate.swift in Sources */ = {isa = PBXBuildFile; fileRef = BE2E82111FF44A7B00D104AC /* ExtensionDelegate.swift */; };
		BE2E82141FF44A7B00D104AC /* NotificationController.swift in Sources */ = {isa = PBXBuildFile; fileRef = BE2E82131FF44A7B00D104AC /* NotificationController.swift */; };
		BE38CF612075D1D10095BB6C /* WelcomeController.swift in Sources */ = {isa = PBXBuildFile; fileRef = BE38CF602075D1D10095BB6C /* WelcomeController.swift */; };
		BE4895AC206B0CC400B007D6 /* ZazenController.swift in Sources */ = {isa = PBXBuildFile; fileRef = BE4895AB206B0CC400B007D6 /* ZazenController.swift */; };
		BE50D2F220CC3BA200FF9C54 /* CommunityDataLoader.swift in Sources */ = {isa = PBXBuildFile; fileRef = BE50D2F120CC3BA200FF9C54 /* CommunityDataLoader.swift */; };
		BE75AEBF20F708C300311512 /* ChartColors.swift in Sources */ = {isa = PBXBuildFile; fileRef = BE75AEBC20F708C300311512 /* ChartColors.swift */; };
		BE75AEC020F708C300311512 /* ChartSeries.swift in Sources */ = {isa = PBXBuildFile; fileRef = BE75AEBD20F708C300311512 /* ChartSeries.swift */; };
		BE75AEC120F708C300311512 /* Chart.swift in Sources */ = {isa = PBXBuildFile; fileRef = BE75AEBE20F708C300311512 /* Chart.swift */; };
		BE81B26F2001B85500274FA1 /* HealthKit.framework in Frameworks */ = {isa = PBXBuildFile; fileRef = BE81B26E2001B85500274FA1 /* HealthKit.framework */; };
		BE89838F20E6BBE300F0FD63 /* ZendoDataSource.swift in Sources */ = {isa = PBXBuildFile; fileRef = BE89838E20E6BBE300F0FD63 /* ZendoDataSource.swift */; };
		BE8BB21F1FFDCC4600B2E113 /* HealthKit.framework in Frameworks */ = {isa = PBXBuildFile; fileRef = BE8BB21E1FFDCC4600B2E113 /* HealthKit.framework */; };
		BE9B00002065F317007FF96A /* ZBFHealthKit.swift in Sources */ = {isa = PBXBuildFile; fileRef = BE9BFFFF2065F317007FF96A /* ZBFHealthKit.swift */; };
		BE9B00042065FF6B007FF96A /* CoreMotion.framework in Frameworks */ = {isa = PBXBuildFile; fileRef = BE9B00032065FF6B007FF96A /* CoreMotion.framework */; };
		BE9BFFFE2065F215007FF96A /* ZBFHealthKit.swift in Sources */ = {isa = PBXBuildFile; fileRef = BE9BFFFC2065EE3D007FF96A /* ZBFHealthKit.swift */; };
		BEA398F220762F4700C85A84 /* Media.xcassets in Resources */ = {isa = PBXBuildFile; fileRef = BEA398F120762F4700C85A84 /* Media.xcassets */; };
		BEBAE48B20E6CDB500495C65 /* Media.xcassets in Resources */ = {isa = PBXBuildFile; fileRef = BEBAE48720E6CDB500495C65 /* Media.xcassets */; };
		BEBAE48D20E6DED800495C65 /* gallery.ckcomplication in Resources */ = {isa = PBXBuildFile; fileRef = BEBAE48C20E6DED800495C65 /* gallery.ckcomplication */; };
		BEEA862F20D4A941003E1E1D /* Assets.xcassets in Resources */ = {isa = PBXBuildFile; fileRef = BEEA862E20D4A941003E1E1D /* Assets.xcassets */; };
/* End PBXBuildFile section */

/* Begin PBXContainerItemProxy section */
		BE2E81FD1FF44A7B00D104AC /* PBXContainerItemProxy */ = {
			isa = PBXContainerItemProxy;
			containerPortal = BE2E81E11FF44A7B00D104AC /* Project object */;
			proxyType = 1;
			remoteGlobalIDString = BE2E81FA1FF44A7B00D104AC;
			remoteInfo = "Zazen WatchKit App";
		};
		BE2E820C1FF44A7B00D104AC /* PBXContainerItemProxy */ = {
			isa = PBXContainerItemProxy;
			containerPortal = BE2E81E11FF44A7B00D104AC /* Project object */;
			proxyType = 1;
			remoteGlobalIDString = BE2E82091FF44A7B00D104AC;
			remoteInfo = "Zazen WatchKit Extension";
		};
/* End PBXContainerItemProxy section */

/* Begin PBXCopyFilesBuildPhase section */
		BE2E821E1FF44A7B00D104AC /* Embed App Extensions */ = {
			isa = PBXCopyFilesBuildPhase;
			buildActionMask = 2147483647;
			dstPath = "";
			dstSubfolderSpec = 13;
			files = (
				BE2E820B1FF44A7B00D104AC /* Zendo WatchKit Extension.appex in Embed App Extensions */,
			);
			name = "Embed App Extensions";
			runOnlyForDeploymentPostprocessing = 0;
		};
		BE2E82221FF44A7B00D104AC /* Embed Watch Content */ = {
			isa = PBXCopyFilesBuildPhase;
			buildActionMask = 2147483647;
			dstPath = "$(CONTENTS_FOLDER_PATH)/Watch";
			dstSubfolderSpec = 16;
			files = (
				BE2E81FC1FF44A7B00D104AC /* Zendo WatchKit App.app in Embed Watch Content */,
			);
			name = "Embed Watch Content";
			runOnlyForDeploymentPostprocessing = 0;
		};
		BEAFCD3A20CCF0210037F38C /* Embed Frameworks */ = {
			isa = PBXCopyFilesBuildPhase;
			buildActionMask = 2147483647;
			dstPath = "";
			dstSubfolderSpec = 10;
			files = (
			);
			name = "Embed Frameworks";
			runOnlyForDeploymentPostprocessing = 0;
		};
		BECBD39B20DCAFF200C682EA /* Embed Frameworks */ = {
			isa = PBXCopyFilesBuildPhase;
			buildActionMask = 2147483647;
			dstPath = "";
			dstSubfolderSpec = 10;
			files = (
			);
			name = "Embed Frameworks";
			runOnlyForDeploymentPostprocessing = 0;
		};
/* End PBXCopyFilesBuildPhase section */

/* Begin PBXFileReference section */
		06C02D6D9410AEB7C6216CED /* Pods-Zendo.release.xcconfig */ = {isa = PBXFileReference; includeInIndex = 1; lastKnownFileType = text.xcconfig; name = "Pods-Zendo.release.xcconfig"; path = "Pods/Target Support Files/Pods-Zendo/Pods-Zendo.release.xcconfig"; sourceTree = "<group>"; };
		121F25FD211B367D00C1CC96 /* SessionCommands.swift */ = {isa = PBXFileReference; fileEncoding = 4; lastKnownFileType = sourcecode.swift; path = SessionCommands.swift; sourceTree = "<group>"; };
		121F25FF211B372300C1CC96 /* SessionDelegater.swift */ = {isa = PBXFileReference; fileEncoding = 4; lastKnownFileType = sourcecode.swift; path = SessionDelegater.swift; sourceTree = "<group>"; };
		121F2604211B3D9C00C1CC96 /* Notification+Name.swift */ = {isa = PBXFileReference; lastKnownFileType = sourcecode.swift; path = "Notification+Name.swift"; sourceTree = "<group>"; };
		121F2609211B499300C1CC96 /* HealthKitViewController.swift */ = {isa = PBXFileReference; lastKnownFileType = sourcecode.swift; path = HealthKitViewController.swift; sourceTree = "<group>"; };
		1246C421212725140011F5D3 /* BalloonMarker.swift */ = {isa = PBXFileReference; lastKnownFileType = sourcecode.swift; path = BalloonMarker.swift; sourceTree = "<group>"; };
		12477F212119A27700D8AE83 /* Settings.swift */ = {isa = PBXFileReference; lastKnownFileType = sourcecode.swift; path = Settings.swift; sourceTree = "<group>"; };
		1277A525215CF3F800B15CE6 /* SummaryInterfaceController.swift */ = {isa = PBXFileReference; lastKnownFileType = sourcecode.swift; path = SummaryInterfaceController.swift; sourceTree = "<group>"; };
		1280DD622125DCB100F3DFC1 /* MMChartFormatter.swift */ = {isa = PBXFileReference; lastKnownFileType = sourcecode.swift; path = MMChartFormatter.swift; sourceTree = "<group>"; };
		128D0BB82111D30900A4D757 /* UIDevice+Size.swift */ = {isa = PBXFileReference; fileEncoding = 4; lastKnownFileType = sourcecode.swift; path = "UIDevice+Size.swift"; sourceTree = "<group>"; };
		12C1A7272119B74B00EEFF4F /* ZenButton.swift */ = {isa = PBXFileReference; lastKnownFileType = sourcecode.swift; path = ZenButton.swift; sourceTree = "<group>"; };
		12C1A7292119B75900EEFF4F /* ZenButton.xib */ = {isa = PBXFileReference; lastKnownFileType = file.xib; path = ZenButton.xib; sourceTree = "<group>"; };
		12C1A72B2119B78900EEFF4F /* UIView+Nib.swift */ = {isa = PBXFileReference; lastKnownFileType = sourcecode.swift; path = "UIView+Nib.swift"; sourceTree = "<group>"; };
		12C1A72D2119C27C00EEFF4F /* ZenInfoView.swift */ = {isa = PBXFileReference; lastKnownFileType = sourcecode.swift; path = ZenInfoView.swift; sourceTree = "<group>"; };
		12C1A72F2119C28700EEFF4F /* ZenInfoView.xib */ = {isa = PBXFileReference; lastKnownFileType = file.xib; path = ZenInfoView.xib; sourceTree = "<group>"; };
		12C2C27C2137F7E80039C7A0 /* ZenTextField.swift */ = {isa = PBXFileReference; lastKnownFileType = sourcecode.swift; path = ZenTextField.swift; sourceTree = "<group>"; };
		12C2C27E2137F7F70039C7A0 /* ZenTextField.xib */ = {isa = PBXFileReference; lastKnownFileType = file.xib; path = ZenTextField.xib; sourceTree = "<group>"; };
		12C2C2802137FCA90039C7A0 /* CommunityViewController.swift */ = {isa = PBXFileReference; lastKnownFileType = sourcecode.swift; path = CommunityViewController.swift; sourceTree = "<group>"; };
		12C2C285213802760039C7A0 /* String.swift */ = {isa = PBXFileReference; lastKnownFileType = sourcecode.swift; path = String.swift; sourceTree = "<group>"; };
		12CBA45D213549560066F671 /* TimeZone+UTC.swift */ = {isa = PBXFileReference; lastKnownFileType = sourcecode.swift; path = "TimeZone+UTC.swift"; sourceTree = "<group>"; };
		12CE364D211302A900EF0196 /* UIView.swift */ = {isa = PBXFileReference; lastKnownFileType = sourcecode.swift; path = UIView.swift; sourceTree = "<group>"; };
		12CE3651211327D300EF0196 /* TabBarController.swift */ = {isa = PBXFileReference; lastKnownFileType = sourcecode.swift; path = TabBarController.swift; sourceTree = "<group>"; };
		12CE365321132A7100EF0196 /* UIImage.swift */ = {isa = PBXFileReference; lastKnownFileType = sourcecode.swift; path = UIImage.swift; sourceTree = "<group>"; };
		12D3BB33211A00B40081CAE2 /* OverviewTableViewCell.swift */ = {isa = PBXFileReference; lastKnownFileType = sourcecode.swift; path = OverviewTableViewCell.swift; sourceTree = "<group>"; };
		12DAE77B212B1A1200D28DD7 /* Array.swift */ = {isa = PBXFileReference; lastKnownFileType = sourcecode.swift; path = Array.swift; sourceTree = "<group>"; };
		12E189BB211C6387004EADE9 /* UIViewController.swift */ = {isa = PBXFileReference; lastKnownFileType = sourcecode.swift; path = UIViewController.swift; sourceTree = "<group>"; };
		12E189C0211C64AB004EADE9 /* UIApplication.swift */ = {isa = PBXFileReference; lastKnownFileType = sourcecode.swift; path = UIApplication.swift; sourceTree = "<group>"; };
		12E2A19D21106E4500E0E911 /* TimeInterval.swift */ = {isa = PBXFileReference; lastKnownFileType = sourcecode.swift; path = TimeInterval.swift; sourceTree = "<group>"; };
		12E2A1A3211073D600E0E911 /* Antenna-ExtraLight.otf */ = {isa = PBXFileReference; lastKnownFileType = file; path = "Antenna-ExtraLight.otf"; sourceTree = "<group>"; };
		12E2A1A4211073D600E0E911 /* Antenna-Medium.otf */ = {isa = PBXFileReference; lastKnownFileType = file; path = "Antenna-Medium.otf"; sourceTree = "<group>"; };
		12E2A1A5211073D600E0E911 /* Antenna-Light.otf */ = {isa = PBXFileReference; lastKnownFileType = file; path = "Antenna-Light.otf"; sourceTree = "<group>"; };
		12E2A1A6211073D600E0E911 /* Antenna-Regular.otf */ = {isa = PBXFileReference; lastKnownFileType = file; path = "Antenna-Regular.otf"; sourceTree = "<group>"; };
		12E2A1B12110774000E0E911 /* ConstraintFont.swift */ = {isa = PBXFileReference; fileEncoding = 4; lastKnownFileType = sourcecode.swift; path = ConstraintFont.swift; sourceTree = "<group>"; };
		12E2A1B421107A9400E0E911 /* UIFont.swift */ = {isa = PBXFileReference; lastKnownFileType = sourcecode.swift; path = UIFont.swift; sourceTree = "<group>"; };
		12E2A1B621107CE400E0E911 /* UIColor+Zendo.swift */ = {isa = PBXFileReference; lastKnownFileType = sourcecode.swift; path = "UIColor+Zendo.swift"; sourceTree = "<group>"; };
		12F121342125B67D00F5451D /* ConstraintMetadata.swift */ = {isa = PBXFileReference; lastKnownFileType = sourcecode.swift; path = ConstraintMetadata.swift; sourceTree = "<group>"; };
		12FFCAE0210F6DA0007E2480 /* ZendoTableViewCell.swift */ = {isa = PBXFileReference; lastKnownFileType = sourcecode.swift; path = ZendoTableViewCell.swift; sourceTree = "<group>"; };
		12FFCAE4210F7DDD007E2480 /* Cell+ReuseIdentifier.swift */ = {isa = PBXFileReference; fileEncoding = 4; lastKnownFileType = sourcecode.swift; path = "Cell+ReuseIdentifier.swift"; sourceTree = "<group>"; };
		12FFCAE6210F7E40007E2480 /* Date.swift */ = {isa = PBXFileReference; fileEncoding = 4; lastKnownFileType = sourcecode.swift; path = Date.swift; sourceTree = "<group>"; };
		1F5D94E96E8B881577F65C40 /* Pods-Zendo.debug.xcconfig */ = {isa = PBXFileReference; includeInIndex = 1; lastKnownFileType = text.xcconfig; name = "Pods-Zendo.debug.xcconfig"; path = "Pods/Target Support Files/Pods-Zendo/Pods-Zendo.debug.xcconfig"; sourceTree = "<group>"; };
		3ED375D9041CFE360443FA0F /* SystemConfiguration.framework */ = {isa = PBXFileReference; lastKnownFileType = wrapper.framework; name = SystemConfiguration.framework; path = System/Library/Frameworks/SystemConfiguration.framework; sourceTree = SDKROOT; };
		52A40FB3C69940CC2A7D2835 /* QuartzCore.framework */ = {isa = PBXFileReference; lastKnownFileType = wrapper.framework; name = QuartzCore.framework; path = System/Library/Frameworks/QuartzCore.framework; sourceTree = SDKROOT; };
		67414F738D8DE6FB16C9FEE1 /* CoreTelephony.framework */ = {isa = PBXFileReference; lastKnownFileType = wrapper.framework; name = CoreTelephony.framework; path = System/Library/Frameworks/CoreTelephony.framework; sourceTree = SDKROOT; };
		6E976786A0B62DF02B6D3728 /* CoreMedia.framework */ = {isa = PBXFileReference; lastKnownFileType = wrapper.framework; name = CoreMedia.framework; path = System/Library/Frameworks/CoreMedia.framework; sourceTree = SDKROOT; };
		73956C9DFF514C25FAEB0010 /* Bridging-Header.h */ = {isa = PBXFileReference; includeInIndex = 1; lastKnownFileType = sourcecode.c.h; path = "Bridging-Header.h"; sourceTree = "<group>"; };
		91FBDAC94D9B42088C3E7F8B /* BuddyBuildSDK.framework */ = {isa = PBXFileReference; lastKnownFileType = wrapper.framework; path = BuddyBuildSDK.framework; sourceTree = "<group>"; };
		9BD6CE514120A3F5874E8C15 /* Pods-Zendo WatchKit Extension.debug.xcconfig */ = {isa = PBXFileReference; includeInIndex = 1; lastKnownFileType = text.xcconfig; name = "Pods-Zendo WatchKit Extension.debug.xcconfig"; path = "Pods/Target Support Files/Pods-Zendo WatchKit Extension/Pods-Zendo WatchKit Extension.debug.xcconfig"; sourceTree = "<group>"; };
		BE066BD720F1EFC10008747D /* OverviewController.swift */ = {isa = PBXFileReference; lastKnownFileType = sourcecode.swift; path = OverviewController.swift; sourceTree = "<group>"; };
		BE066BDC20F1F3D10008747D /* PageController.swift */ = {isa = PBXFileReference; lastKnownFileType = sourcecode.swift; path = PageController.swift; sourceTree = "<group>"; };
		BE0A7227209C2B83009E23AA /* OptionsInterfaceController.swift */ = {isa = PBXFileReference; lastKnownFileType = sourcecode.swift; path = OptionsInterfaceController.swift; sourceTree = "<group>"; };
		BE0B4EB1213E05AF006C3773 /* BluetoothManager.swift */ = {isa = PBXFileReference; lastKnownFileType = sourcecode.swift; path = BluetoothManager.swift; sourceTree = "<group>"; };
		BE24023A1FFC961A008679C4 /* Session.swift */ = {isa = PBXFileReference; fileEncoding = 4; lastKnownFileType = sourcecode.swift; path = Session.swift; sourceTree = "<group>"; };
		BE24023C1FFC965F008679C4 /* SessionInterfaceController.swift */ = {isa = PBXFileReference; fileEncoding = 4; lastKnownFileType = sourcecode.swift; path = SessionInterfaceController.swift; sourceTree = "<group>"; };
		BE2E81E91FF44A7B00D104AC /* Zendo.app */ = {isa = PBXFileReference; explicitFileType = wrapper.application; includeInIndex = 0; path = Zendo.app; sourceTree = BUILT_PRODUCTS_DIR; };
		BE2E81EC1FF44A7B00D104AC /* AppDelegate.swift */ = {isa = PBXFileReference; lastKnownFileType = sourcecode.swift; path = AppDelegate.swift; sourceTree = "<group>"; };
		BE2E81EE1FF44A7B00D104AC /* ZendoController.swift */ = {isa = PBXFileReference; lastKnownFileType = sourcecode.swift; path = ZendoController.swift; sourceTree = "<group>"; };
		BE2E81F11FF44A7B00D104AC /* Base */ = {isa = PBXFileReference; lastKnownFileType = file.storyboard; name = Base; path = Base.lproj/Main.storyboard; sourceTree = "<group>"; };
		BE2E81F61FF44A7B00D104AC /* Base */ = {isa = PBXFileReference; lastKnownFileType = file.storyboard; name = Base; path = Base.lproj/LaunchScreen.storyboard; sourceTree = "<group>"; };
		BE2E81F81FF44A7B00D104AC /* Info.plist */ = {isa = PBXFileReference; lastKnownFileType = text.plist.xml; path = Info.plist; sourceTree = "<group>"; };
		BE2E81FB1FF44A7B00D104AC /* Zendo WatchKit App.app */ = {isa = PBXFileReference; explicitFileType = wrapper.application; includeInIndex = 0; path = "Zendo WatchKit App.app"; sourceTree = BUILT_PRODUCTS_DIR; };
		BE2E82011FF44A7B00D104AC /* Base */ = {isa = PBXFileReference; lastKnownFileType = file.storyboard; name = Base; path = Base.lproj/Interface.storyboard; sourceTree = "<group>"; };
		BE2E82051FF44A7B00D104AC /* Info.plist */ = {isa = PBXFileReference; lastKnownFileType = text.plist.xml; path = Info.plist; sourceTree = "<group>"; };
		BE2E820A1FF44A7B00D104AC /* Zendo WatchKit Extension.appex */ = {isa = PBXFileReference; explicitFileType = "wrapper.app-extension"; includeInIndex = 0; path = "Zendo WatchKit Extension.appex"; sourceTree = BUILT_PRODUCTS_DIR; };
		BE2E820F1FF44A7B00D104AC /* AppInterfaceController.swift */ = {isa = PBXFileReference; lastKnownFileType = sourcecode.swift; path = AppInterfaceController.swift; sourceTree = "<group>"; };
		BE2E82111FF44A7B00D104AC /* ExtensionDelegate.swift */ = {isa = PBXFileReference; lastKnownFileType = sourcecode.swift; path = ExtensionDelegate.swift; sourceTree = "<group>"; };
		BE2E82131FF44A7B00D104AC /* NotificationController.swift */ = {isa = PBXFileReference; lastKnownFileType = sourcecode.swift; path = NotificationController.swift; sourceTree = "<group>"; };
		BE2E82171FF44A7B00D104AC /* Info.plist */ = {isa = PBXFileReference; lastKnownFileType = text.plist.xml; path = Info.plist; sourceTree = "<group>"; };
		BE2E82181FF44A7B00D104AC /* PushNotificationPayload.apns */ = {isa = PBXFileReference; lastKnownFileType = text; path = PushNotificationPayload.apns; sourceTree = "<group>"; };
		BE38CF602075D1D10095BB6C /* WelcomeController.swift */ = {isa = PBXFileReference; lastKnownFileType = sourcecode.swift; path = WelcomeController.swift; sourceTree = "<group>"; };
		BE4895AB206B0CC400B007D6 /* ZazenController.swift */ = {isa = PBXFileReference; lastKnownFileType = sourcecode.swift; path = ZazenController.swift; sourceTree = "<group>"; };
		BE50D2F120CC3BA200FF9C54 /* CommunityDataLoader.swift */ = {isa = PBXFileReference; lastKnownFileType = sourcecode.swift; path = CommunityDataLoader.swift; sourceTree = "<group>"; };
		BE75AEBC20F708C300311512 /* ChartColors.swift */ = {isa = PBXFileReference; lastKnownFileType = sourcecode.swift; path = ChartColors.swift; sourceTree = "<group>"; };
		BE75AEBD20F708C300311512 /* ChartSeries.swift */ = {isa = PBXFileReference; lastKnownFileType = sourcecode.swift; path = ChartSeries.swift; sourceTree = "<group>"; };
		BE75AEBE20F708C300311512 /* Chart.swift */ = {isa = PBXFileReference; lastKnownFileType = sourcecode.swift; path = Chart.swift; sourceTree = "<group>"; };
		BE81B26D2001B85500274FA1 /* Zendo.entitlements */ = {isa = PBXFileReference; explicitFileType = text.plist.entitlements; path = Zendo.entitlements; sourceTree = "<group>"; };
		BE81B26E2001B85500274FA1 /* HealthKit.framework */ = {isa = PBXFileReference; lastKnownFileType = wrapper.framework; name = HealthKit.framework; path = System/Library/Frameworks/HealthKit.framework; sourceTree = SDKROOT; };
		BE89838E20E6BBE300F0FD63 /* ZendoDataSource.swift */ = {isa = PBXFileReference; lastKnownFileType = sourcecode.swift; path = ZendoDataSource.swift; sourceTree = "<group>"; };
		BE8BB21E1FFDCC4600B2E113 /* HealthKit.framework */ = {isa = PBXFileReference; lastKnownFileType = wrapper.framework; name = HealthKit.framework; path = Platforms/WatchOS.platform/Developer/SDKs/WatchOS4.1.sdk/System/Library/Frameworks/HealthKit.framework; sourceTree = DEVELOPER_DIR; };
		BE8BB2201FFDCC4700B2E113 /* Zendo WatchKit Extension.entitlements */ = {isa = PBXFileReference; lastKnownFileType = text.plist.entitlements; path = "Zendo WatchKit Extension.entitlements"; sourceTree = "<group>"; };
		BE9B00012065FE44007FF96A /* CoreMotion.framework */ = {isa = PBXFileReference; lastKnownFileType = wrapper.framework; name = CoreMotion.framework; path = System/Library/Frameworks/CoreMotion.framework; sourceTree = SDKROOT; };
		BE9B00032065FF6B007FF96A /* CoreMotion.framework */ = {isa = PBXFileReference; lastKnownFileType = wrapper.framework; name = CoreMotion.framework; path = Platforms/WatchOS.platform/Developer/SDKs/WatchOS4.2.sdk/System/Library/Frameworks/CoreMotion.framework; sourceTree = DEVELOPER_DIR; };
		BE9BFFFC2065EE3D007FF96A /* ZBFHealthKit.swift */ = {isa = PBXFileReference; lastKnownFileType = sourcecode.swift; path = ZBFHealthKit.swift; sourceTree = "<group>"; };
		BE9BFFFF2065F317007FF96A /* ZBFHealthKit.swift */ = {isa = PBXFileReference; fileEncoding = 4; lastKnownFileType = sourcecode.swift; path = ZBFHealthKit.swift; sourceTree = "<group>"; };
		BEA398F120762F4700C85A84 /* Media.xcassets */ = {isa = PBXFileReference; lastKnownFileType = folder.assetcatalog; path = Media.xcassets; sourceTree = "<group>"; };
		BEBAE48720E6CDB500495C65 /* Media.xcassets */ = {isa = PBXFileReference; lastKnownFileType = folder.assetcatalog; path = Media.xcassets; sourceTree = "<group>"; };
		BEBAE48C20E6DED800495C65 /* gallery.ckcomplication */ = {isa = PBXFileReference; lastKnownFileType = folder; path = gallery.ckcomplication; sourceTree = "<group>"; };
		BEEA862E20D4A941003E1E1D /* Assets.xcassets */ = {isa = PBXFileReference; lastKnownFileType = folder.assetcatalog; path = Assets.xcassets; sourceTree = "<group>"; };
		C5EE270417BDD012045FC9FF /* CoreText.framework */ = {isa = PBXFileReference; lastKnownFileType = wrapper.framework; name = CoreText.framework; path = System/Library/Frameworks/CoreText.framework; sourceTree = SDKROOT; };
		C86368BD68AC54656999A5EB /* CoreVideo.framework */ = {isa = PBXFileReference; lastKnownFileType = wrapper.framework; name = CoreVideo.framework; path = System/Library/Frameworks/CoreVideo.framework; sourceTree = SDKROOT; };
		CA85D12F03B88975AECB0609 /* Pods_Zendo.framework */ = {isa = PBXFileReference; explicitFileType = wrapper.framework; includeInIndex = 0; path = Pods_Zendo.framework; sourceTree = BUILT_PRODUCTS_DIR; };
		CE470C27D2A61BA1066BBB3D /* AVFoundation.framework */ = {isa = PBXFileReference; lastKnownFileType = wrapper.framework; name = AVFoundation.framework; path = System/Library/Frameworks/AVFoundation.framework; sourceTree = SDKROOT; };
		DA956F3DF3D7E53620DCB219 /* Pods-Zendo WatchKit Extension.release.xcconfig */ = {isa = PBXFileReference; includeInIndex = 1; lastKnownFileType = text.xcconfig; name = "Pods-Zendo WatchKit Extension.release.xcconfig"; path = "Pods/Target Support Files/Pods-Zendo WatchKit Extension/Pods-Zendo WatchKit Extension.release.xcconfig"; sourceTree = "<group>"; };
		DFDDFAA04BC9FE80FF7116C1 /* AssetsLibrary.framework */ = {isa = PBXFileReference; lastKnownFileType = wrapper.framework; name = AssetsLibrary.framework; path = System/Library/Frameworks/AssetsLibrary.framework; sourceTree = SDKROOT; };
		E5A68E6B7BCA076B4161502D /* Pods_Zendo_WatchKit_Extension.framework */ = {isa = PBXFileReference; explicitFileType = wrapper.framework; includeInIndex = 0; path = Pods_Zendo_WatchKit_Extension.framework; sourceTree = BUILT_PRODUCTS_DIR; };
/* End PBXFileReference section */

/* Begin PBXFrameworksBuildPhase section */
		47397AAC64B9029A95AEF01B /* Frameworks */ = {
			isa = PBXFrameworksBuildPhase;
			buildActionMask = 2147483647;
			files = (
			);
			runOnlyForDeploymentPostprocessing = 0;
		};
		BE2E81E61FF44A7B00D104AC /* Frameworks */ = {
			isa = PBXFrameworksBuildPhase;
			buildActionMask = 2147483647;
			files = (
				BE81B26F2001B85500274FA1 /* HealthKit.framework in Frameworks */,
				7C58E4E41E858E4241584A97 /* Pods_Zendo.framework in Frameworks */,
			);
			runOnlyForDeploymentPostprocessing = 0;
		};
		BE2E82071FF44A7B00D104AC /* Frameworks */ = {
			isa = PBXFrameworksBuildPhase;
			buildActionMask = 2147483647;
			files = (
				BE9B00042065FF6B007FF96A /* CoreMotion.framework in Frameworks */,
				BE8BB21F1FFDCC4600B2E113 /* HealthKit.framework in Frameworks */,
				0D53E8CB86D55DEC3ABD3EED /* Pods_Zendo_WatchKit_Extension.framework in Frameworks */,
			);
			runOnlyForDeploymentPostprocessing = 0;
		};
/* End PBXFrameworksBuildPhase section */

/* Begin PBXGroup section */
		12477F1E2119A22900D8AE83 /* Model */ = {
			isa = PBXGroup;
			children = (
				12477F1F2119A23B00D8AE83 /* Entities */,
				12477F202119A24E00D8AE83 /* Settings */,
			);
			path = Model;
			sourceTree = "<group>";
		};
		12477F1F2119A23B00D8AE83 /* Entities */ = {
			isa = PBXGroup;
			children = (
			);
			path = Entities;
			sourceTree = "<group>";
		};
		12477F202119A24E00D8AE83 /* Settings */ = {
			isa = PBXGroup;
			children = (
				12477F212119A27700D8AE83 /* Settings.swift */,
			);
			path = Settings;
			sourceTree = "<group>";
		};
		12477F232119A41600D8AE83 /* Welcome */ = {
			isa = PBXGroup;
			children = (
				BE38CF602075D1D10095BB6C /* WelcomeController.swift */,
				12C2C2802137FCA90039C7A0 /* CommunityViewController.swift */,
				121F2609211B499300C1CC96 /* HealthKitViewController.swift */,
			);
			path = Welcome;
			sourceTree = "<group>";
		};
		1280DD612125DC9700F3DFC1 /* Chart */ = {
			isa = PBXGroup;
			children = (
				1280DD622125DCB100F3DFC1 /* MMChartFormatter.swift */,
				1246C421212725140011F5D3 /* BalloonMarker.swift */,
			);
			path = Chart;
			sourceTree = "<group>";
		};
		12C1A7262119B70100EEFF4F /* View */ = {
			isa = PBXGroup;
			children = (
				12C1A7272119B74B00EEFF4F /* ZenButton.swift */,
				12C1A7292119B75900EEFF4F /* ZenButton.xib */,
				12C1A72D2119C27C00EEFF4F /* ZenInfoView.swift */,
				12C1A72F2119C28700EEFF4F /* ZenInfoView.xib */,
				12C2C27C2137F7E80039C7A0 /* ZenTextField.swift */,
				12C2C27E2137F7F70039C7A0 /* ZenTextField.xib */,
			);
			path = View;
			sourceTree = "<group>";
		};
		12CE365521132AB000EF0196 /* TabBar */ = {
			isa = PBXGroup;
			children = (
				12CE3651211327D300EF0196 /* TabBarController.swift */,
			);
			path = TabBar;
			sourceTree = "<group>";
		};
		12CE365621132AC500EF0196 /* Overview */ = {
			isa = PBXGroup;
			children = (
				BE066BD720F1EFC10008747D /* OverviewController.swift */,
				12D3BB33211A00B40081CAE2 /* OverviewTableViewCell.swift */,
			);
			path = Overview;
			sourceTree = "<group>";
		};
		12E2A1A2211073B900E0E911 /* Fonts */ = {
			isa = PBXGroup;
			children = (
				12E2A1A3211073D600E0E911 /* Antenna-ExtraLight.otf */,
				12E2A1A5211073D600E0E911 /* Antenna-Light.otf */,
				12E2A1A4211073D600E0E911 /* Antenna-Medium.otf */,
				12E2A1A6211073D600E0E911 /* Antenna-Regular.otf */,
			);
			path = Fonts;
			sourceTree = "<group>";
		};
		12E2A1AE211076FD00E0E911 /* Additions */ = {
			isa = PBXGroup;
			children = (
				12E2A1B12110774000E0E911 /* ConstraintFont.swift */,
				12F121342125B67D00F5451D /* ConstraintMetadata.swift */,
			);
			path = Additions;
			sourceTree = "<group>";
		};
		12E2A1B3211077B400E0E911 /* Controllers */ = {
			isa = PBXGroup;
			children = (
				1280DD612125DC9700F3DFC1 /* Chart */,
				12477F232119A41600D8AE83 /* Welcome */,
				12CE365521132AB000EF0196 /* TabBar */,
				12CE365621132AC500EF0196 /* Overview */,
				12FFCAE2210F6DA8007E2480 /* Activity */,
			);
			path = Controllers;
			sourceTree = "<group>";
		};
		12FFCADD210F3F03007E2480 /* Supporting Files */ = {
			isa = PBXGroup;
			children = (
				BE2E81F81FF44A7B00D104AC /* Info.plist */,
				BE2E81F51FF44A7B00D104AC /* LaunchScreen.storyboard */,
				BEBAE48C20E6DED800495C65 /* gallery.ckcomplication */,
				BEEA862E20D4A941003E1E1D /* Assets.xcassets */,
			);
			path = "Supporting Files";
			sourceTree = "<group>";
		};
		12FFCAE2210F6DA8007E2480 /* Activity */ = {
			isa = PBXGroup;
			children = (
				BE4895AB206B0CC400B007D6 /* ZazenController.swift */,
				12FFCAE0210F6DA0007E2480 /* ZendoTableViewCell.swift */,
				BE2E81EE1FF44A7B00D104AC /* ZendoController.swift */,
			);
			path = Activity;
			sourceTree = "<group>";
		};
		12FFCAE3210F7D6D007E2480 /* Extensions */ = {
			isa = PBXGroup;
			children = (
				128D0BB82111D30900A4D757 /* UIDevice+Size.swift */,
				12FFCAE4210F7DDD007E2480 /* Cell+ReuseIdentifier.swift */,
				12FFCAE6210F7E40007E2480 /* Date.swift */,
				12E2A19D21106E4500E0E911 /* TimeInterval.swift */,
				12E2A1B421107A9400E0E911 /* UIFont.swift */,
				12E2A1B621107CE400E0E911 /* UIColor+Zendo.swift */,
				12CE364D211302A900EF0196 /* UIView.swift */,
				12CE365321132A7100EF0196 /* UIImage.swift */,
				12C1A72B2119B78900EEFF4F /* UIView+Nib.swift */,
				121F2604211B3D9C00C1CC96 /* Notification+Name.swift */,
				12E189BB211C6387004EADE9 /* UIViewController.swift */,
				12E189C0211C64AB004EADE9 /* UIApplication.swift */,
				12DAE77B212B1A1200D28DD7 /* Array.swift */,
				12CBA45D213549560066F671 /* TimeZone+UTC.swift */,
				12C2C285213802760039C7A0 /* String.swift */,
			);
			path = Extensions;
			sourceTree = "<group>";
		};
		1BD4A9B59189A1266E5F77F0 /* Pods */ = {
			isa = PBXGroup;
			children = (
				1F5D94E96E8B881577F65C40 /* Pods-Zendo.debug.xcconfig */,
				06C02D6D9410AEB7C6216CED /* Pods-Zendo.release.xcconfig */,
				9BD6CE514120A3F5874E8C15 /* Pods-Zendo WatchKit Extension.debug.xcconfig */,
				DA956F3DF3D7E53620DCB219 /* Pods-Zendo WatchKit Extension.release.xcconfig */,
			);
			name = Pods;
			sourceTree = "<group>";
		};
		BE2E81E01FF44A7B00D104AC = {
			isa = PBXGroup;
			children = (
				BE2E81EB1FF44A7B00D104AC /* Zendo */,
				BE2E81FF1FF44A7B00D104AC /* Zendo WatchKit App */,
				BE2E820E1FF44A7B00D104AC /* Zendo WatchKit Extension */,
				12E2A1A2211073B900E0E911 /* Fonts */,
				BE2E81EA1FF44A7B00D104AC /* Products */,
				BE8BB21D1FFDCC4600B2E113 /* Frameworks */,
				73956C9DFF514C25FAEB0010 /* Bridging-Header.h */,
				1BD4A9B59189A1266E5F77F0 /* Pods */,
			);
			sourceTree = "<group>";
		};
		BE2E81EA1FF44A7B00D104AC /* Products */ = {
			isa = PBXGroup;
			children = (
				BE2E81E91FF44A7B00D104AC /* Zendo.app */,
				BE2E81FB1FF44A7B00D104AC /* Zendo WatchKit App.app */,
				BE2E820A1FF44A7B00D104AC /* Zendo WatchKit Extension.appex */,
			);
			name = Products;
			sourceTree = "<group>";
		};
		BE2E81EB1FF44A7B00D104AC /* Zendo */ = {
			isa = PBXGroup;
			children = (
				BE2E81EC1FF44A7B00D104AC /* AppDelegate.swift */,
				BE2E81F01FF44A7B00D104AC /* Main.storyboard */,
				12E2A1AE211076FD00E0E911 /* Additions */,
				12FFCAE3210F7D6D007E2480 /* Extensions */,
				12E2A1B3211077B400E0E911 /* Controllers */,
				12477F1E2119A22900D8AE83 /* Model */,
				12C1A7262119B70100EEFF4F /* View */,
				BE75AEBE20F708C300311512 /* Chart.swift */,
				BE75AEBC20F708C300311512 /* ChartColors.swift */,
				BE75AEBD20F708C300311512 /* ChartSeries.swift */,
				BE9BFFFF2065F317007FF96A /* ZBFHealthKit.swift */,
				BE066BDC20F1F3D10008747D /* PageController.swift */,
				BE50D2F120CC3BA200FF9C54 /* CommunityDataLoader.swift */,
				BE81B26D2001B85500274FA1 /* Zendo.entitlements */,
				12FFCADD210F3F03007E2480 /* Supporting Files */,
			);
			path = Zendo;
			sourceTree = "<group>";
		};
		BE2E81FF1FF44A7B00D104AC /* Zendo WatchKit App */ = {
			isa = PBXGroup;
			children = (
				BE2E82001FF44A7B00D104AC /* Interface.storyboard */,
				BE2E82051FF44A7B00D104AC /* Info.plist */,
				BEA398F120762F4700C85A84 /* Media.xcassets */,
			);
			path = "Zendo WatchKit App";
			sourceTree = "<group>";
		};
		BE2E820E1FF44A7B00D104AC /* Zendo WatchKit Extension */ = {
			isa = PBXGroup;
			children = (
				121F25FF211B372300C1CC96 /* SessionDelegater.swift */,
				121F25FD211B367D00C1CC96 /* SessionCommands.swift */,
				BEBAE48720E6CDB500495C65 /* Media.xcassets */,
				BE9BFFFC2065EE3D007FF96A /* ZBFHealthKit.swift */,
				BE8BB2201FFDCC4700B2E113 /* Zendo WatchKit Extension.entitlements */,
				BE24023C1FFC965F008679C4 /* SessionInterfaceController.swift */,
				BE2E82131FF44A7B00D104AC /* NotificationController.swift */,
				BE24023A1FFC961A008679C4 /* Session.swift */,
				BE2E820F1FF44A7B00D104AC /* AppInterfaceController.swift */,
				BE2E82111FF44A7B00D104AC /* ExtensionDelegate.swift */,
				BE2E82171FF44A7B00D104AC /* Info.plist */,
				BE2E82181FF44A7B00D104AC /* PushNotificationPayload.apns */,
				BE0A7227209C2B83009E23AA /* OptionsInterfaceController.swift */,
				BE89838E20E6BBE300F0FD63 /* ZendoDataSource.swift */,
				BE0B4EB1213E05AF006C3773 /* BluetoothManager.swift */,
				1277A525215CF3F800B15CE6 /* SummaryInterfaceController.swift */,
			);
			path = "Zendo WatchKit Extension";
			sourceTree = "<group>";
		};
		BE8BB21D1FFDCC4600B2E113 /* Frameworks */ = {
			isa = PBXGroup;
			children = (
				BE9B00012065FE44007FF96A /* CoreMotion.framework */,
				BE9B00032065FF6B007FF96A /* CoreMotion.framework */,
				BE81B26E2001B85500274FA1 /* HealthKit.framework */,
				BE8BB21E1FFDCC4600B2E113 /* HealthKit.framework */,
				91FBDAC94D9B42088C3E7F8B /* BuddyBuildSDK.framework */,
				DFDDFAA04BC9FE80FF7116C1 /* AssetsLibrary.framework */,
				C5EE270417BDD012045FC9FF /* CoreText.framework */,
				67414F738D8DE6FB16C9FEE1 /* CoreTelephony.framework */,
				3ED375D9041CFE360443FA0F /* SystemConfiguration.framework */,
				52A40FB3C69940CC2A7D2835 /* QuartzCore.framework */,
				CE470C27D2A61BA1066BBB3D /* AVFoundation.framework */,
				6E976786A0B62DF02B6D3728 /* CoreMedia.framework */,
				C86368BD68AC54656999A5EB /* CoreVideo.framework */,
				CA85D12F03B88975AECB0609 /* Pods_Zendo.framework */,
				E5A68E6B7BCA076B4161502D /* Pods_Zendo_WatchKit_Extension.framework */,
			);
			name = Frameworks;
			sourceTree = "<group>";
		};
/* End PBXGroup section */

/* Begin PBXNativeTarget section */
		BE2E81E81FF44A7B00D104AC /* Zendo */ = {
			isa = PBXNativeTarget;
			buildConfigurationList = BE2E82231FF44A7B00D104AC /* Build configuration list for PBXNativeTarget "Zendo" */;
			buildPhases = (
				2EE5DDFBAABA553E9CB79A25 /* [CP] Check Pods Manifest.lock */,
				BE2E81E51FF44A7B00D104AC /* Sources */,
				BE2E81E61FF44A7B00D104AC /* Frameworks */,
				BE2E81E71FF44A7B00D104AC /* Resources */,
				BE2E82221FF44A7B00D104AC /* Embed Watch Content */,
				BEAFCD3A20CCF0210037F38C /* Embed Frameworks */,
				335B8A017BA333BCCD2E5519 /* [CP] Embed Pods Frameworks */,
				4FB6FE1B5EAAA32848B94495 /* [CP] Copy Pods Resources */,
			);
			buildRules = (
			);
			dependencies = (
				BE2E81FE1FF44A7B00D104AC /* PBXTargetDependency */,
			);
			name = Zendo;
			productName = Zazen;
			productReference = BE2E81E91FF44A7B00D104AC /* Zendo.app */;
			productType = "com.apple.product-type.application";
		};
		BE2E81FA1FF44A7B00D104AC /* Zendo WatchKit App */ = {
			isa = PBXNativeTarget;
			buildConfigurationList = BE2E821F1FF44A7B00D104AC /* Build configuration list for PBXNativeTarget "Zendo WatchKit App" */;
			buildPhases = (
				BE2E81F91FF44A7B00D104AC /* Resources */,
				BE2E821E1FF44A7B00D104AC /* Embed App Extensions */,
				47397AAC64B9029A95AEF01B /* Frameworks */,
				BECBD39B20DCAFF200C682EA /* Embed Frameworks */,
			);
			buildRules = (
			);
			dependencies = (
				BE2E820D1FF44A7B00D104AC /* PBXTargetDependency */,
			);
			name = "Zendo WatchKit App";
			productName = "Zazen WatchKit App";
			productReference = BE2E81FB1FF44A7B00D104AC /* Zendo WatchKit App.app */;
			productType = "com.apple.product-type.application.watchapp2";
		};
		BE2E82091FF44A7B00D104AC /* Zendo WatchKit Extension */ = {
			isa = PBXNativeTarget;
			buildConfigurationList = BE2E821B1FF44A7B00D104AC /* Build configuration list for PBXNativeTarget "Zendo WatchKit Extension" */;
			buildPhases = (
				3C1F746DCB363754C1EA1C72 /* [CP] Check Pods Manifest.lock */,
				BE2E82061FF44A7B00D104AC /* Sources */,
				BE2E82071FF44A7B00D104AC /* Frameworks */,
				BE2E82081FF44A7B00D104AC /* Resources */,
				A7567F584E4455489B5298E4 /* [CP] Embed Pods Frameworks */,
			);
			buildRules = (
			);
			dependencies = (
			);
			name = "Zendo WatchKit Extension";
			productName = "Zazen WatchKit Extension";
			productReference = BE2E820A1FF44A7B00D104AC /* Zendo WatchKit Extension.appex */;
			productType = "com.apple.product-type.watchkit2-extension";
		};
/* End PBXNativeTarget section */

/* Begin PBXProject section */
		BE2E81E11FF44A7B00D104AC /* Project object */ = {
			isa = PBXProject;
			attributes = {
				LastSwiftUpdateCheck = 0920;
				LastUpgradeCheck = 0930;
				ORGANIZATIONNAME = zenbf;
				TargetAttributes = {
					BE2E81E81FF44A7B00D104AC = {
						CreatedOnToolsVersion = 9.2;
						ProvisioningStyle = Automatic;
						SystemCapabilities = {
							com.apple.HealthKit = {
								enabled = 1;
							};
						};
					};
					BE2E81FA1FF44A7B00D104AC = {
						CreatedOnToolsVersion = 9.2;
						ProvisioningStyle = Automatic;
					};
					BE2E82091FF44A7B00D104AC = {
						CreatedOnToolsVersion = 9.2;
						ProvisioningStyle = Automatic;
						SystemCapabilities = {
							com.apple.HealthKit.watchos = {
								enabled = 1;
							};
						};
					};
				};
			};
			buildConfigurationList = BE2E81E41FF44A7B00D104AC /* Build configuration list for PBXProject "Zendo" */;
			compatibilityVersion = "Xcode 8.0";
			developmentRegion = en;
			hasScannedForEncodings = 0;
			knownRegions = (
				en,
				Base,
			);
			mainGroup = BE2E81E01FF44A7B00D104AC;
			productRefGroup = BE2E81EA1FF44A7B00D104AC /* Products */;
			projectDirPath = "";
			projectRoot = "";
			targets = (
				BE2E81E81FF44A7B00D104AC /* Zendo */,
				BE2E81FA1FF44A7B00D104AC /* Zendo WatchKit App */,
				BE2E82091FF44A7B00D104AC /* Zendo WatchKit Extension */,
			);
		};
/* End PBXProject section */

/* Begin PBXResourcesBuildPhase section */
		BE2E81E71FF44A7B00D104AC /* Resources */ = {
			isa = PBXResourcesBuildPhase;
			buildActionMask = 2147483647;
			files = (
				12E2A1A9211073D700E0E911 /* Antenna-Light.otf in Resources */,
				12C1A72A2119B75900EEFF4F /* ZenButton.xib in Resources */,
				12E2A1A7211073D600E0E911 /* Antenna-ExtraLight.otf in Resources */,
				BEBAE48D20E6DED800495C65 /* gallery.ckcomplication in Resources */,
				BE2E81F71FF44A7B00D104AC /* LaunchScreen.storyboard in Resources */,
				BEEA862F20D4A941003E1E1D /* Assets.xcassets in Resources */,
				12E2A1A8211073D600E0E911 /* Antenna-Medium.otf in Resources */,
				12C2C27F2137F7F70039C7A0 /* ZenTextField.xib in Resources */,
				12E2A1AA211073D700E0E911 /* Antenna-Regular.otf in Resources */,
				12C1A7302119C28700EEFF4F /* ZenInfoView.xib in Resources */,
				BE2E81F21FF44A7B00D104AC /* Main.storyboard in Resources */,
			);
			runOnlyForDeploymentPostprocessing = 0;
		};
		BE2E81F91FF44A7B00D104AC /* Resources */ = {
			isa = PBXResourcesBuildPhase;
			buildActionMask = 2147483647;
			files = (
				12CE61EB2158FF0D00AD8A11 /* Antenna-Regular.otf in Resources */,
				BEA398F220762F4700C85A84 /* Media.xcassets in Resources */,
				12CE61E72158FF0300AD8A11 /* Antenna-Light.otf in Resources */,
				12CE61E92158FF0900AD8A11 /* Antenna-Medium.otf in Resources */,
				BE2E82021FF44A7B00D104AC /* Interface.storyboard in Resources */,
				12CE61E82158FF0700AD8A11 /* Antenna-ExtraLight.otf in Resources */,
			);
			runOnlyForDeploymentPostprocessing = 0;
		};
		BE2E82081FF44A7B00D104AC /* Resources */ = {
			isa = PBXResourcesBuildPhase;
			buildActionMask = 2147483647;
			files = (
				12CE61E42158FEA100AD8A11 /* Antenna-Regular.otf in Resources */,
				12CE61E52158FEFF00AD8A11 /* Antenna-ExtraLight.otf in Resources */,
				12CE61EA2158FF0A00AD8A11 /* Antenna-Medium.otf in Resources */,
				12CE61E62158FF0200AD8A11 /* Antenna-Light.otf in Resources */,
				BEBAE48B20E6CDB500495C65 /* Media.xcassets in Resources */,
			);
			runOnlyForDeploymentPostprocessing = 0;
		};
/* End PBXResourcesBuildPhase section */

/* Begin PBXShellScriptBuildPhase section */
		2EE5DDFBAABA553E9CB79A25 /* [CP] Check Pods Manifest.lock */ = {
			isa = PBXShellScriptBuildPhase;
			buildActionMask = 2147483647;
			files = (
			);
			inputPaths = (
				"${PODS_PODFILE_DIR_PATH}/Podfile.lock",
				"${PODS_ROOT}/Manifest.lock",
			);
			name = "[CP] Check Pods Manifest.lock";
			outputPaths = (
				"$(DERIVED_FILE_DIR)/Pods-Zendo-checkManifestLockResult.txt",
			);
			runOnlyForDeploymentPostprocessing = 0;
			shellPath = /bin/sh;
			shellScript = "diff \"${PODS_PODFILE_DIR_PATH}/Podfile.lock\" \"${PODS_ROOT}/Manifest.lock\" > /dev/null\nif [ $? != 0 ] ; then\n    # print error to STDERR\n    echo \"error: The sandbox is not in sync with the Podfile.lock. Run 'pod install' or update your CocoaPods installation.\" >&2\n    exit 1\nfi\n# This output is used by Xcode 'outputs' to avoid re-running this script phase.\necho \"SUCCESS\" > \"${SCRIPT_OUTPUT_FILE_0}\"\n";
			showEnvVarsInLog = 0;
		};
		335B8A017BA333BCCD2E5519 /* [CP] Embed Pods Frameworks */ = {
			isa = PBXShellScriptBuildPhase;
			buildActionMask = 2147483647;
			files = (
			);
			inputPaths = (
				"${PODS_ROOT}/Target Support Files/Pods-Zendo/Pods-Zendo-frameworks.sh",
				"${BUILT_PRODUCTS_DIR}/Bolts/Bolts.framework",
				"${BUILT_PRODUCTS_DIR}/Charts/Charts.framework",
				"${BUILT_PRODUCTS_DIR}/Mixpanel-swift/Mixpanel.framework",
				"${BUILT_PRODUCTS_DIR}/NVActivityIndicatorView/NVActivityIndicatorView.framework",
			);
			name = "[CP] Embed Pods Frameworks";
			outputPaths = (
				"${TARGET_BUILD_DIR}/${FRAMEWORKS_FOLDER_PATH}/Bolts.framework",
				"${TARGET_BUILD_DIR}/${FRAMEWORKS_FOLDER_PATH}/Charts.framework",
				"${TARGET_BUILD_DIR}/${FRAMEWORKS_FOLDER_PATH}/Mixpanel.framework",
				"${TARGET_BUILD_DIR}/${FRAMEWORKS_FOLDER_PATH}/NVActivityIndicatorView.framework",
			);
			runOnlyForDeploymentPostprocessing = 0;
			shellPath = /bin/sh;
			shellScript = "\"${PODS_ROOT}/Target Support Files/Pods-Zendo/Pods-Zendo-frameworks.sh\"\n";
			showEnvVarsInLog = 0;
		};
		3C1F746DCB363754C1EA1C72 /* [CP] Check Pods Manifest.lock */ = {
			isa = PBXShellScriptBuildPhase;
			buildActionMask = 2147483647;
			files = (
			);
			inputFileListPaths = (
			);
			inputPaths = (
				"${PODS_PODFILE_DIR_PATH}/Podfile.lock",
				"${PODS_ROOT}/Manifest.lock",
			);
			name = "[CP] Check Pods Manifest.lock";
			outputFileListPaths = (
			);
			outputPaths = (
				"$(DERIVED_FILE_DIR)/Pods-Zendo WatchKit Extension-checkManifestLockResult.txt",
			);
			runOnlyForDeploymentPostprocessing = 0;
			shellPath = /bin/sh;
			shellScript = "diff \"${PODS_PODFILE_DIR_PATH}/Podfile.lock\" \"${PODS_ROOT}/Manifest.lock\" > /dev/null\nif [ $? != 0 ] ; then\n    # print error to STDERR\n    echo \"error: The sandbox is not in sync with the Podfile.lock. Run 'pod install' or update your CocoaPods installation.\" >&2\n    exit 1\nfi\n# This output is used by Xcode 'outputs' to avoid re-running this script phase.\necho \"SUCCESS\" > \"${SCRIPT_OUTPUT_FILE_0}\"\n";
			showEnvVarsInLog = 0;
		};
		4FB6FE1B5EAAA32848B94495 /* [CP] Copy Pods Resources */ = {
			isa = PBXShellScriptBuildPhase;
			buildActionMask = 2147483647;
			files = (
			);
			inputFileListPaths = (
			);
			inputPaths = (
				"${PODS_ROOT}/Target Support Files/Pods-Zendo/Pods-Zendo-resources.sh",
				"${PODS_ROOT}/FacebookSDK/FacebookSDKs-iOS-universal-4.36.0/iOS/FacebookSDKStrings.bundle",
			);
			name = "[CP] Copy Pods Resources";
			outputFileListPaths = (
			);
			outputPaths = (
				"${TARGET_BUILD_DIR}/${UNLOCALIZED_RESOURCES_FOLDER_PATH}/FacebookSDKStrings.bundle",
			);
			runOnlyForDeploymentPostprocessing = 0;
			shellPath = /bin/sh;
			shellScript = "\"${PODS_ROOT}/Target Support Files/Pods-Zendo/Pods-Zendo-resources.sh\"\n";
			showEnvVarsInLog = 0;
		};
		A7567F584E4455489B5298E4 /* [CP] Embed Pods Frameworks */ = {
			isa = PBXShellScriptBuildPhase;
			buildActionMask = 2147483647;
			files = (
			);
			inputFileListPaths = (
			);
			inputPaths = (
				"${PODS_ROOT}/Target Support Files/Pods-Zendo WatchKit Extension/Pods-Zendo WatchKit Extension-frameworks.sh",
				"${BUILT_PRODUCTS_DIR}/Mixpanel/Mixpanel.framework",
			);
			name = "[CP] Embed Pods Frameworks";
			outputFileListPaths = (
			);
			outputPaths = (
				"${TARGET_BUILD_DIR}/${FRAMEWORKS_FOLDER_PATH}/Mixpanel.framework",
			);
			runOnlyForDeploymentPostprocessing = 0;
			shellPath = /bin/sh;
			shellScript = "\"${PODS_ROOT}/Target Support Files/Pods-Zendo WatchKit Extension/Pods-Zendo WatchKit Extension-frameworks.sh\"\n";
			showEnvVarsInLog = 0;
		};
/* End PBXShellScriptBuildPhase section */

/* Begin PBXSourcesBuildPhase section */
		BE2E81E51FF44A7B00D104AC /* Sources */ = {
			isa = PBXSourcesBuildPhase;
			buildActionMask = 2147483647;
			files = (
				12CE364E211302A900EF0196 /* UIView.swift in Sources */,
				12C2C27D2137F7E80039C7A0 /* ZenTextField.swift in Sources */,
				12D3BB34211A00B40081CAE2 /* OverviewTableViewCell.swift in Sources */,
				12CE365421132A7100EF0196 /* UIImage.swift in Sources */,
				BE066BDD20F1F3D10008747D /* PageController.swift in Sources */,
				12C1A7282119B74B00EEFF4F /* ZenButton.swift in Sources */,
				128D0BB92111D30900A4D757 /* UIDevice+Size.swift in Sources */,
				1280DD632125DCB100F3DFC1 /* MMChartFormatter.swift in Sources */,
				12CBA45E213549560066F671 /* TimeZone+UTC.swift in Sources */,
				1246C422212725140011F5D3 /* BalloonMarker.swift in Sources */,
				12E2A1B521107A9400E0E911 /* UIFont.swift in Sources */,
				12CE3652211327D300EF0196 /* TabBarController.swift in Sources */,
				12E2A19E21106E4500E0E911 /* TimeInterval.swift in Sources */,
				12E189C1211C64AB004EADE9 /* UIApplication.swift in Sources */,
				BE38CF612075D1D10095BB6C /* WelcomeController.swift in Sources */,
				12477F222119A27700D8AE83 /* Settings.swift in Sources */,
				12FFCAE1210F6DA0007E2480 /* ZendoTableViewCell.swift in Sources */,
				121F260A211B499300C1CC96 /* HealthKitViewController.swift in Sources */,
				12DAE77C212B1A1200D28DD7 /* Array.swift in Sources */,
				BE50D2F220CC3BA200FF9C54 /* CommunityDataLoader.swift in Sources */,
				12E189BC211C6387004EADE9 /* UIViewController.swift in Sources */,
				12E2A1B721107CE400E0E911 /* UIColor+Zendo.swift in Sources */,
				12FFCAE5210F7DDD007E2480 /* Cell+ReuseIdentifier.swift in Sources */,
				BE75AEC120F708C300311512 /* Chart.swift in Sources */,
				12C2C2812137FCA90039C7A0 /* CommunityViewController.swift in Sources */,
				BE2E81EF1FF44A7B00D104AC /* ZendoController.swift in Sources */,
				12C1A72E2119C27C00EEFF4F /* ZenInfoView.swift in Sources */,
				12C2C286213802760039C7A0 /* String.swift in Sources */,
				BE9B00002065F317007FF96A /* ZBFHealthKit.swift in Sources */,
				BE4895AC206B0CC400B007D6 /* ZazenController.swift in Sources */,
				12FFCAE7210F7E40007E2480 /* Date.swift in Sources */,
				BE066BD820F1EFC10008747D /* OverviewController.swift in Sources */,
				12F121352125B67D00F5451D /* ConstraintMetadata.swift in Sources */,
				BE75AEC020F708C300311512 /* ChartSeries.swift in Sources */,
				BE2E81ED1FF44A7B00D104AC /* AppDelegate.swift in Sources */,
				BE75AEBF20F708C300311512 /* ChartColors.swift in Sources */,
				121F2605211B3D9C00C1CC96 /* Notification+Name.swift in Sources */,
				12C1A72C2119B78900EEFF4F /* UIView+Nib.swift in Sources */,
				12E2A1B22110774000E0E911 /* ConstraintFont.swift in Sources */,
			);
			runOnlyForDeploymentPostprocessing = 0;
		};
		BE2E82061FF44A7B00D104AC /* Sources */ = {
			isa = PBXSourcesBuildPhase;
			buildActionMask = 2147483647;
			files = (
				BE24023B1FFC961A008679C4 /* Session.swift in Sources */,
				1277A527215D227C00B15CE6 /* Date.swift in Sources */,
				BE9BFFFE2065F215007FF96A /* ZBFHealthKit.swift in Sources */,
				121F2600211B372300C1CC96 /* SessionDelegater.swift in Sources */,
				BE2E82141FF44A7B00D104AC /* NotificationController.swift in Sources */,
				121F25FE211B367D00C1CC96 /* SessionCommands.swift in Sources */,
				BE89838F20E6BBE300F0FD63 /* ZendoDataSource.swift in Sources */,
				1277A526215CF3F800B15CE6 /* SummaryInterfaceController.swift in Sources */,
				12F121362125B68400F5451D /* ConstraintMetadata.swift in Sources */,
				BE2E82121FF44A7B00D104AC /* ExtensionDelegate.swift in Sources */,
				12CE61E32158FB3A00AD8A11 /* TimeInterval.swift in Sources */,
				BE24023D1FFC965F008679C4 /* SessionInterfaceController.swift in Sources */,
				BE0A7228209C2B83009E23AA /* OptionsInterfaceController.swift in Sources */,
				BE0B4EB2213E05AF006C3773 /* BluetoothManager.swift in Sources */,
				BE2E82101FF44A7B00D104AC /* AppInterfaceController.swift in Sources */,
			);
			runOnlyForDeploymentPostprocessing = 0;
		};
/* End PBXSourcesBuildPhase section */

/* Begin PBXTargetDependency section */
		BE2E81FE1FF44A7B00D104AC /* PBXTargetDependency */ = {
			isa = PBXTargetDependency;
			target = BE2E81FA1FF44A7B00D104AC /* Zendo WatchKit App */;
			targetProxy = BE2E81FD1FF44A7B00D104AC /* PBXContainerItemProxy */;
		};
		BE2E820D1FF44A7B00D104AC /* PBXTargetDependency */ = {
			isa = PBXTargetDependency;
			target = BE2E82091FF44A7B00D104AC /* Zendo WatchKit Extension */;
			targetProxy = BE2E820C1FF44A7B00D104AC /* PBXContainerItemProxy */;
		};
/* End PBXTargetDependency section */

/* Begin PBXVariantGroup section */
		BE2E81F01FF44A7B00D104AC /* Main.storyboard */ = {
			isa = PBXVariantGroup;
			children = (
				BE2E81F11FF44A7B00D104AC /* Base */,
			);
			name = Main.storyboard;
			sourceTree = "<group>";
		};
		BE2E81F51FF44A7B00D104AC /* LaunchScreen.storyboard */ = {
			isa = PBXVariantGroup;
			children = (
				BE2E81F61FF44A7B00D104AC /* Base */,
			);
			name = LaunchScreen.storyboard;
			sourceTree = "<group>";
		};
		BE2E82001FF44A7B00D104AC /* Interface.storyboard */ = {
			isa = PBXVariantGroup;
			children = (
				BE2E82011FF44A7B00D104AC /* Base */,
			);
			name = Interface.storyboard;
			sourceTree = "<group>";
		};
/* End PBXVariantGroup section */

/* Begin XCBuildConfiguration section */
		BE2E82191FF44A7B00D104AC /* Debug */ = {
			isa = XCBuildConfiguration;
			buildSettings = {
				ALWAYS_SEARCH_USER_PATHS = NO;
				CLANG_ANALYZER_NONNULL = YES;
				CLANG_ANALYZER_NUMBER_OBJECT_CONVERSION = YES_AGGRESSIVE;
				CLANG_CXX_LANGUAGE_STANDARD = "gnu++14";
				CLANG_CXX_LIBRARY = "libc++";
				CLANG_ENABLE_MODULES = YES;
				CLANG_ENABLE_OBJC_ARC = YES;
				CLANG_WARN_BLOCK_CAPTURE_AUTORELEASING = YES;
				CLANG_WARN_BOOL_CONVERSION = YES;
				CLANG_WARN_COMMA = YES;
				CLANG_WARN_CONSTANT_CONVERSION = YES;
				CLANG_WARN_DEPRECATED_OBJC_IMPLEMENTATIONS = YES;
				CLANG_WARN_DIRECT_OBJC_ISA_USAGE = YES_ERROR;
				CLANG_WARN_DOCUMENTATION_COMMENTS = YES;
				CLANG_WARN_EMPTY_BODY = YES;
				CLANG_WARN_ENUM_CONVERSION = YES;
				CLANG_WARN_INFINITE_RECURSION = YES;
				CLANG_WARN_INT_CONVERSION = YES;
				CLANG_WARN_NON_LITERAL_NULL_CONVERSION = YES;
				CLANG_WARN_OBJC_IMPLICIT_RETAIN_SELF = YES;
				CLANG_WARN_OBJC_LITERAL_CONVERSION = YES;
				CLANG_WARN_OBJC_ROOT_CLASS = YES_ERROR;
				CLANG_WARN_RANGE_LOOP_ANALYSIS = YES;
				CLANG_WARN_STRICT_PROTOTYPES = YES;
				CLANG_WARN_SUSPICIOUS_MOVE = YES;
				CLANG_WARN_UNGUARDED_AVAILABILITY = YES_AGGRESSIVE;
				CLANG_WARN_UNREACHABLE_CODE = YES;
				CLANG_WARN__DUPLICATE_METHOD_MATCH = YES;
				CODE_SIGN_IDENTITY = "iPhone Developer";
				COPY_PHASE_STRIP = NO;
				DEBUG_INFORMATION_FORMAT = dwarf;
				ENABLE_STRICT_OBJC_MSGSEND = YES;
				ENABLE_TESTABILITY = YES;
				GCC_C_LANGUAGE_STANDARD = gnu11;
				GCC_DYNAMIC_NO_PIC = NO;
				GCC_NO_COMMON_BLOCKS = NO;
				GCC_OPTIMIZATION_LEVEL = 0;
				GCC_PREPROCESSOR_DEFINITIONS = (
					"DEBUG=1",
					"$(inherited)",
				);
				GCC_WARN_64_TO_32_BIT_CONVERSION = YES;
				GCC_WARN_ABOUT_RETURN_TYPE = YES_ERROR;
				GCC_WARN_UNDECLARED_SELECTOR = YES;
				GCC_WARN_UNINITIALIZED_AUTOS = YES_AGGRESSIVE;
				GCC_WARN_UNUSED_FUNCTION = YES;
				GCC_WARN_UNUSED_VARIABLE = YES;
				IPHONEOS_DEPLOYMENT_TARGET = 11.2;
				MTL_ENABLE_DEBUG_INFO = YES;
				ONLY_ACTIVE_ARCH = YES;
				SDKROOT = iphoneos;
				SWIFT_ACTIVE_COMPILATION_CONDITIONS = DEBUG;
				SWIFT_OPTIMIZATION_LEVEL = "-Onone";
				SWIFT_VERSION = 4.0;
			};
			name = Debug;
		};
		BE2E821A1FF44A7B00D104AC /* Release */ = {
			isa = XCBuildConfiguration;
			buildSettings = {
				ALWAYS_SEARCH_USER_PATHS = NO;
				CLANG_ANALYZER_NONNULL = YES;
				CLANG_ANALYZER_NUMBER_OBJECT_CONVERSION = YES_AGGRESSIVE;
				CLANG_CXX_LANGUAGE_STANDARD = "gnu++14";
				CLANG_CXX_LIBRARY = "libc++";
				CLANG_ENABLE_MODULES = YES;
				CLANG_ENABLE_OBJC_ARC = YES;
				CLANG_WARN_BLOCK_CAPTURE_AUTORELEASING = YES;
				CLANG_WARN_BOOL_CONVERSION = YES;
				CLANG_WARN_COMMA = YES;
				CLANG_WARN_CONSTANT_CONVERSION = YES;
				CLANG_WARN_DEPRECATED_OBJC_IMPLEMENTATIONS = YES;
				CLANG_WARN_DIRECT_OBJC_ISA_USAGE = YES_ERROR;
				CLANG_WARN_DOCUMENTATION_COMMENTS = YES;
				CLANG_WARN_EMPTY_BODY = YES;
				CLANG_WARN_ENUM_CONVERSION = YES;
				CLANG_WARN_INFINITE_RECURSION = YES;
				CLANG_WARN_INT_CONVERSION = YES;
				CLANG_WARN_NON_LITERAL_NULL_CONVERSION = YES;
				CLANG_WARN_OBJC_IMPLICIT_RETAIN_SELF = YES;
				CLANG_WARN_OBJC_LITERAL_CONVERSION = YES;
				CLANG_WARN_OBJC_ROOT_CLASS = YES_ERROR;
				CLANG_WARN_RANGE_LOOP_ANALYSIS = YES;
				CLANG_WARN_STRICT_PROTOTYPES = YES;
				CLANG_WARN_SUSPICIOUS_MOVE = YES;
				CLANG_WARN_UNGUARDED_AVAILABILITY = YES_AGGRESSIVE;
				CLANG_WARN_UNREACHABLE_CODE = YES;
				CLANG_WARN__DUPLICATE_METHOD_MATCH = YES;
				CODE_SIGN_IDENTITY = "iPhone Developer";
				COPY_PHASE_STRIP = NO;
				DEBUG_INFORMATION_FORMAT = "dwarf-with-dsym";
				ENABLE_NS_ASSERTIONS = NO;
				ENABLE_STRICT_OBJC_MSGSEND = YES;
				ENABLE_TESTABILITY = NO;
				GCC_C_LANGUAGE_STANDARD = gnu11;
				GCC_NO_COMMON_BLOCKS = NO;
				GCC_WARN_64_TO_32_BIT_CONVERSION = YES;
				GCC_WARN_ABOUT_RETURN_TYPE = YES_ERROR;
				GCC_WARN_UNDECLARED_SELECTOR = YES;
				GCC_WARN_UNINITIALIZED_AUTOS = YES_AGGRESSIVE;
				GCC_WARN_UNUSED_FUNCTION = YES;
				GCC_WARN_UNUSED_VARIABLE = YES;
				IPHONEOS_DEPLOYMENT_TARGET = 11.2;
				MTL_ENABLE_DEBUG_INFO = NO;
				SDKROOT = iphoneos;
				SWIFT_OPTIMIZATION_LEVEL = "-Owholemodule";
				SWIFT_VERSION = 4.0;
				VALIDATE_PRODUCT = YES;
			};
			name = Release;
		};
		BE2E821C1FF44A7B00D104AC /* Debug */ = {
			isa = XCBuildConfiguration;
			baseConfigurationReference = 9BD6CE514120A3F5874E8C15 /* Pods-Zendo WatchKit Extension.debug.xcconfig */;
			buildSettings = {
				ASSETCATALOG_COMPILER_COMPLICATION_NAME = Complication;
				CODE_SIGN_ENTITLEMENTS = "Zendo WatchKit Extension/Zendo WatchKit Extension.entitlements";
				CODE_SIGN_IDENTITY = "iPhone Developer";
				"CODE_SIGN_IDENTITY[sdk=watchos*]" = "iPhone Developer";
				CODE_SIGN_STYLE = Automatic;
				DEVELOPMENT_TEAM = TZSWHX7RVS;
				INFOPLIST_FILE = "Zendo WatchKit Extension/Info.plist";
				LD_RUNPATH_SEARCH_PATHS = "$(inherited) @executable_path/Frameworks @executable_path/../../Frameworks";
				PRODUCT_BUNDLE_IDENTIFIER = tools.sunyata.Zendo.ios.watchkit.ext;
				PRODUCT_NAME = "${TARGET_NAME}";
				PROVISIONING_PROFILE = "";
				PROVISIONING_PROFILE_SPECIFIER = "";
				SDKROOT = watchos;
				SKIP_INSTALL = YES;
				SWIFT_VERSION = 4.0;
				TARGETED_DEVICE_FAMILY = 4;
				WATCHOS_DEPLOYMENT_TARGET = 4.0;
			};
			name = Debug;
		};
		BE2E821D1FF44A7B00D104AC /* Release */ = {
			isa = XCBuildConfiguration;
			baseConfigurationReference = DA956F3DF3D7E53620DCB219 /* Pods-Zendo WatchKit Extension.release.xcconfig */;
			buildSettings = {
				ASSETCATALOG_COMPILER_COMPLICATION_NAME = Complication;
				CODE_SIGN_ENTITLEMENTS = "Zendo WatchKit Extension/Zendo WatchKit Extension.entitlements";
				CODE_SIGN_IDENTITY = "iPhone Developer";
				"CODE_SIGN_IDENTITY[sdk=watchos*]" = "iPhone Developer";
				CODE_SIGN_STYLE = Automatic;
				DEVELOPMENT_TEAM = TZSWHX7RVS;
				INFOPLIST_FILE = "Zendo WatchKit Extension/Info.plist";
				LD_RUNPATH_SEARCH_PATHS = "$(inherited) @executable_path/Frameworks @executable_path/../../Frameworks";
				PRODUCT_BUNDLE_IDENTIFIER = tools.sunyata.Zendo.ios.watchkit.ext;
				PRODUCT_NAME = "${TARGET_NAME}";
				PROVISIONING_PROFILE = "";
				PROVISIONING_PROFILE_SPECIFIER = "";
				SDKROOT = watchos;
				SKIP_INSTALL = YES;
				SWIFT_VERSION = 4.0;
				TARGETED_DEVICE_FAMILY = 4;
				WATCHOS_DEPLOYMENT_TARGET = 4.0;
			};
			name = Release;
		};
		BE2E82201FF44A7B00D104AC /* Debug */ = {
			isa = XCBuildConfiguration;
			buildSettings = {
				ALWAYS_EMBED_SWIFT_STANDARD_LIBRARIES = YES;
				ASSETCATALOG_COMPILER_APPICON_NAME = AppIcon;
				CODE_SIGN_IDENTITY = "iPhone Developer";
				"CODE_SIGN_IDENTITY[sdk=watchos*]" = "iPhone Developer";
				CODE_SIGN_STYLE = Automatic;
				DEVELOPMENT_TEAM = TZSWHX7RVS;
				IBSC_MODULE = Zendo_WatchKit_Extension;
				INFOPLIST_FILE = "Zendo WatchKit App/Info.plist";
				LD_RUNPATH_SEARCH_PATHS = "$(inherited) @executable_path/Frameworks";
				PRODUCT_BUNDLE_IDENTIFIER = tools.sunyata.Zendo.ios.watchkit;
				PRODUCT_NAME = "$(TARGET_NAME)";
				PROVISIONING_PROFILE = "";
				PROVISIONING_PROFILE_SPECIFIER = "";
				SDKROOT = watchos;
				SKIP_INSTALL = YES;
				SWIFT_VERSION = 4.0;
				TARGETED_DEVICE_FAMILY = 4;
				WATCHOS_DEPLOYMENT_TARGET = 4.0;
			};
			name = Debug;
		};
		BE2E82211FF44A7B00D104AC /* Release */ = {
			isa = XCBuildConfiguration;
			buildSettings = {
				ALWAYS_EMBED_SWIFT_STANDARD_LIBRARIES = YES;
				ASSETCATALOG_COMPILER_APPICON_NAME = AppIcon;
				CODE_SIGN_IDENTITY = "iPhone Developer";
				"CODE_SIGN_IDENTITY[sdk=watchos*]" = "iPhone Developer";
				CODE_SIGN_STYLE = Automatic;
				DEVELOPMENT_TEAM = TZSWHX7RVS;
				IBSC_MODULE = Zendo_WatchKit_Extension;
				INFOPLIST_FILE = "Zendo WatchKit App/Info.plist";
				LD_RUNPATH_SEARCH_PATHS = "$(inherited) @executable_path/Frameworks";
				PRODUCT_BUNDLE_IDENTIFIER = tools.sunyata.Zendo.ios.watchkit;
				PRODUCT_NAME = "$(TARGET_NAME)";
				PROVISIONING_PROFILE = "";
				PROVISIONING_PROFILE_SPECIFIER = "";
				SDKROOT = watchos;
				SKIP_INSTALL = YES;
				SWIFT_VERSION = 4.0;
				TARGETED_DEVICE_FAMILY = 4;
				WATCHOS_DEPLOYMENT_TARGET = 4.0;
			};
			name = Release;
		};
		BE2E82241FF44A7B00D104AC /* Debug */ = {
			isa = XCBuildConfiguration;
			baseConfigurationReference = 1F5D94E96E8B881577F65C40 /* Pods-Zendo.debug.xcconfig */;
			buildSettings = {
				ALWAYS_EMBED_SWIFT_STANDARD_LIBRARIES = YES;
				ASSETCATALOG_COMPILER_APPICON_NAME = AppIcon;
				CODE_SIGN_ENTITLEMENTS = Zendo/Zendo.entitlements;
				CODE_SIGN_IDENTITY = "iPhone Developer";
				"CODE_SIGN_IDENTITY[sdk=iphoneos*]" = "iPhone Developer";
				CODE_SIGN_STYLE = Automatic;
				DEVELOPMENT_TEAM = TZSWHX7RVS;
				FRAMEWORK_SEARCH_PATHS = (
					"$(inherited)",
					"$(PROJECT_DIR)",
				);
				INFOPLIST_FILE = "$(SRCROOT)/Zendo/Supporting Files/Info.plist";
				IPHONEOS_DEPLOYMENT_TARGET = 11.2;
				LD_RUNPATH_SEARCH_PATHS = "$(inherited) @executable_path/Frameworks";
				PRODUCT_BUNDLE_IDENTIFIER = tools.sunyata.Zendo.ios;
				PRODUCT_NAME = "$(TARGET_NAME)";
				PROVISIONING_PROFILE = "";
				PROVISIONING_PROFILE_SPECIFIER = "";
				SWIFT_OBJC_BRIDGING_HEADER = "Bridging-Header.h";
				SWIFT_VERSION = 4.0;
				TARGETED_DEVICE_FAMILY = 1;
			};
			name = Debug;
		};
		BE2E82251FF44A7B00D104AC /* Release */ = {
			isa = XCBuildConfiguration;
			baseConfigurationReference = 06C02D6D9410AEB7C6216CED /* Pods-Zendo.release.xcconfig */;
			buildSettings = {
				ALWAYS_EMBED_SWIFT_STANDARD_LIBRARIES = YES;
				ASSETCATALOG_COMPILER_APPICON_NAME = AppIcon;
				CODE_SIGN_ENTITLEMENTS = Zendo/Zendo.entitlements;
				CODE_SIGN_IDENTITY = "iPhone Developer";
				"CODE_SIGN_IDENTITY[sdk=iphoneos*]" = "iPhone Developer";
				CODE_SIGN_STYLE = Automatic;
				DEVELOPMENT_TEAM = TZSWHX7RVS;
				FRAMEWORK_SEARCH_PATHS = (
					"$(inherited)",
					"$(PROJECT_DIR)",
				);
				INFOPLIST_FILE = "$(SRCROOT)/Zendo/Supporting Files/Info.plist";
				IPHONEOS_DEPLOYMENT_TARGET = 11.2;
				LD_RUNPATH_SEARCH_PATHS = "$(inherited) @executable_path/Frameworks";
				PRODUCT_BUNDLE_IDENTIFIER = tools.sunyata.Zendo.ios;
				PRODUCT_NAME = "$(TARGET_NAME)";
				PROVISIONING_PROFILE = "";
				PROVISIONING_PROFILE_SPECIFIER = "";
				SWIFT_OBJC_BRIDGING_HEADER = "Bridging-Header.h";
				SWIFT_VERSION = 4.0;
				TARGETED_DEVICE_FAMILY = 1;
			};
			name = Release;
		};
/* End XCBuildConfiguration section */

/* Begin XCConfigurationList section */
		BE2E81E41FF44A7B00D104AC /* Build configuration list for PBXProject "Zendo" */ = {
			isa = XCConfigurationList;
			buildConfigurations = (
				BE2E82191FF44A7B00D104AC /* Debug */,
				BE2E821A1FF44A7B00D104AC /* Release */,
			);
			defaultConfigurationIsVisible = 0;
			defaultConfigurationName = Release;
		};
		BE2E821B1FF44A7B00D104AC /* Build configuration list for PBXNativeTarget "Zendo WatchKit Extension" */ = {
			isa = XCConfigurationList;
			buildConfigurations = (
				BE2E821C1FF44A7B00D104AC /* Debug */,
				BE2E821D1FF44A7B00D104AC /* Release */,
			);
			defaultConfigurationIsVisible = 0;
			defaultConfigurationName = Release;
		};
		BE2E821F1FF44A7B00D104AC /* Build configuration list for PBXNativeTarget "Zendo WatchKit App" */ = {
			isa = XCConfigurationList;
			buildConfigurations = (
				BE2E82201FF44A7B00D104AC /* Debug */,
				BE2E82211FF44A7B00D104AC /* Release */,
			);
			defaultConfigurationIsVisible = 0;
			defaultConfigurationName = Release;
		};
		BE2E82231FF44A7B00D104AC /* Build configuration list for PBXNativeTarget "Zendo" */ = {
			isa = XCConfigurationList;
			buildConfigurations = (
				BE2E82241FF44A7B00D104AC /* Debug */,
				BE2E82251FF44A7B00D104AC /* Release */,
			);
			defaultConfigurationIsVisible = 0;
			defaultConfigurationName = Release;
		};
/* End XCConfigurationList section */
	};
	rootObject = BE2E81E11FF44A7B00D104AC /* Project object */;
}
