// !$*UTF8*$!
{
	archiveVersion = 1;
	classes = {
	};
	objectVersion = 48;
	objects = {

/* Begin PBXBuildFile section */
		0973EA6DCC666F3334C6334B /* CoreVideo.framework in Frameworks */ = {isa = PBXBuildFile; fileRef = C86368BD68AC54656999A5EB /* CoreVideo.framework */; };
		0E0FC1C6319858D621367458 /* CoreMedia.framework in Frameworks */ = {isa = PBXBuildFile; fileRef = 6E976786A0B62DF02B6D3728 /* CoreMedia.framework */; };
		2D6D2103091066D4D73A2088 /* BuddyBuildSDK.framework in Frameworks */ = {isa = PBXBuildFile; fileRef = 91FBDAC94D9B42088C3E7F8B /* BuddyBuildSDK.framework */; };
		46B6105F4E6FC71E77E4ED53 /* AVFoundation.framework in Frameworks */ = {isa = PBXBuildFile; fileRef = CE470C27D2A61BA1066BBB3D /* AVFoundation.framework */; };
		484F7369806BC26C329D3ED3 /* CoreText.framework in Frameworks */ = {isa = PBXBuildFile; fileRef = C5EE270417BDD012045FC9FF /* CoreText.framework */; };
		52C4AB977550CE4B0C1DFC52 /* AssetsLibrary.framework in Frameworks */ = {isa = PBXBuildFile; fileRef = DFDDFAA04BC9FE80FF7116C1 /* AssetsLibrary.framework */; };
		756D884E8BA9CBA19FB37A43 /* CoreTelephony.framework in Frameworks */ = {isa = PBXBuildFile; fileRef = 67414F738D8DE6FB16C9FEE1 /* CoreTelephony.framework */; };
		9D71E58EE28B8772ED672785 /* QuartzCore.framework in Frameworks */ = {isa = PBXBuildFile; fileRef = 52A40FB3C69940CC2A7D2835 /* QuartzCore.framework */; };
		9F2DCAFBFAFD0BB491AB15EF /* SystemConfiguration.framework in Frameworks */ = {isa = PBXBuildFile; fileRef = 3ED375D9041CFE360443FA0F /* SystemConfiguration.framework */; };
		BE0A7228209C2B83009E23AA /* OptionsInterfaceController.swift in Sources */ = {isa = PBXBuildFile; fileRef = BE0A7227209C2B83009E23AA /* OptionsInterfaceController.swift */; };
		BE24023B1FFC961A008679C4 /* Session.swift in Sources */ = {isa = PBXBuildFile; fileRef = BE24023A1FFC961A008679C4 /* Session.swift */; };
		BE24023D1FFC965F008679C4 /* SessionInterfaceController.swift in Sources */ = {isa = PBXBuildFile; fileRef = BE24023C1FFC965F008679C4 /* SessionInterfaceController.swift */; };
		BE2DCAFB20CDC2C700666FBD /* Charts.framework in Frameworks */ = {isa = PBXBuildFile; fileRef = BE2DCAFA20CDC2C700666FBD /* Charts.framework */; };
		BE2DCAFC20CDC2C700666FBD /* Charts.framework in Embed Frameworks */ = {isa = PBXBuildFile; fileRef = BE2DCAFA20CDC2C700666FBD /* Charts.framework */; settings = {ATTRIBUTES = (CodeSignOnCopy, RemoveHeadersOnCopy, ); }; };
		BE2E81ED1FF44A7B00D104AC /* AppDelegate.swift in Sources */ = {isa = PBXBuildFile; fileRef = BE2E81EC1FF44A7B00D104AC /* AppDelegate.swift */; };
		BE2E81EF1FF44A7B00D104AC /* ZendoController.swift in Sources */ = {isa = PBXBuildFile; fileRef = BE2E81EE1FF44A7B00D104AC /* ZendoController.swift */; };
		BE2E81F21FF44A7B00D104AC /* Main.storyboard in Resources */ = {isa = PBXBuildFile; fileRef = BE2E81F01FF44A7B00D104AC /* Main.storyboard */; };
		BE2E81F71FF44A7B00D104AC /* LaunchScreen.storyboard in Resources */ = {isa = PBXBuildFile; fileRef = BE2E81F51FF44A7B00D104AC /* LaunchScreen.storyboard */; };
		BE2E81FC1FF44A7B00D104AC /* Zendo WatchKit App.app in Embed Watch Content */ = {isa = PBXBuildFile; fileRef = BE2E81FB1FF44A7B00D104AC /* Zendo WatchKit App.app */; };
		BE2E82021FF44A7B00D104AC /* Interface.storyboard in Resources */ = {isa = PBXBuildFile; fileRef = BE2E82001FF44A7B00D104AC /* Interface.storyboard */; };
		BE2E820B1FF44A7B00D104AC /* Zendo WatchKit Extension.appex in Embed App Extensions */ = {isa = PBXBuildFile; fileRef = BE2E820A1FF44A7B00D104AC /* Zendo WatchKit Extension.appex */; settings = {ATTRIBUTES = (RemoveHeadersOnCopy, ); }; };
		BE2E82101FF44A7B00D104AC /* AppInterfaceController.swift in Sources */ = {isa = PBXBuildFile; fileRef = BE2E820F1FF44A7B00D104AC /* AppInterfaceController.swift */; };
		BE2E82121FF44A7B00D104AC /* ExtensionDelegate.swift in Sources */ = {isa = PBXBuildFile; fileRef = BE2E82111FF44A7B00D104AC /* ExtensionDelegate.swift */; };
		BE2E82141FF44A7B00D104AC /* NotificationController.swift in Sources */ = {isa = PBXBuildFile; fileRef = BE2E82131FF44A7B00D104AC /* NotificationController.swift */; };
		BE38CF612075D1D10095BB6C /* WebController.swift in Sources */ = {isa = PBXBuildFile; fileRef = BE38CF602075D1D10095BB6C /* WebController.swift */; };
		BE4895AC206B0CC400B007D6 /* ZazenController.swift in Sources */ = {isa = PBXBuildFile; fileRef = BE4895AB206B0CC400B007D6 /* ZazenController.swift */; };
		BE50D2F220CC3BA200FF9C54 /* CommunityDataLoader.swift in Sources */ = {isa = PBXBuildFile; fileRef = BE50D2F120CC3BA200FF9C54 /* CommunityDataLoader.swift */; };
		BE81B26F2001B85500274FA1 /* HealthKit.framework in Frameworks */ = {isa = PBXBuildFile; fileRef = BE81B26E2001B85500274FA1 /* HealthKit.framework */; };
		BE89838F20E6BBE300F0FD63 /* ZendoDataSource.swift in Sources */ = {isa = PBXBuildFile; fileRef = BE89838E20E6BBE300F0FD63 /* ZendoDataSource.swift */; };
		BE8BB21F1FFDCC4600B2E113 /* HealthKit.framework in Frameworks */ = {isa = PBXBuildFile; fileRef = BE8BB21E1FFDCC4600B2E113 /* HealthKit.framework */; };
		BE9B00002065F317007FF96A /* ZBFHealthKit.swift in Sources */ = {isa = PBXBuildFile; fileRef = BE9BFFFF2065F317007FF96A /* ZBFHealthKit.swift */; };
		BE9B00022065FE45007FF96A /* CoreMotion.framework in Frameworks */ = {isa = PBXBuildFile; fileRef = BE9B00012065FE44007FF96A /* CoreMotion.framework */; };
		BE9B00042065FF6B007FF96A /* CoreMotion.framework in Frameworks */ = {isa = PBXBuildFile; fileRef = BE9B00032065FF6B007FF96A /* CoreMotion.framework */; };
		BE9BFFFE2065F215007FF96A /* ZBFHealthKit.swift in Sources */ = {isa = PBXBuildFile; fileRef = BE9BFFFC2065EE3D007FF96A /* ZBFHealthKit.swift */; };
		BEA398F220762F4700C85A84 /* Media.xcassets in Resources */ = {isa = PBXBuildFile; fileRef = BEA398F120762F4700C85A84 /* Media.xcassets */; };
		BEBAE48B20E6CDB500495C65 /* Media.xcassets in Resources */ = {isa = PBXBuildFile; fileRef = BEBAE48720E6CDB500495C65 /* Media.xcassets */; };
		BEBAE48D20E6DED800495C65 /* gallery.ckcomplication in Resources */ = {isa = PBXBuildFile; fileRef = BEBAE48C20E6DED800495C65 /* gallery.ckcomplication */; };
		BECBD3A820DCB15800C682EA /* Mixpanel.framework in Frameworks */ = {isa = PBXBuildFile; fileRef = BECBD3A320DCB14900C682EA /* Mixpanel.framework */; };
		BECBD3A920DCB15800C682EA /* Mixpanel.framework in Embed Frameworks */ = {isa = PBXBuildFile; fileRef = BECBD3A320DCB14900C682EA /* Mixpanel.framework */; settings = {ATTRIBUTES = (CodeSignOnCopy, RemoveHeadersOnCopy, ); }; };
		BEEA862F20D4A941003E1E1D /* Media.xcassets in Resources */ = {isa = PBXBuildFile; fileRef = BEEA862E20D4A941003E1E1D /* Media.xcassets */; };
/* End PBXBuildFile section */

/* Begin PBXContainerItemProxy section */
		BE2E81FD1FF44A7B00D104AC /* PBXContainerItemProxy */ = {
			isa = PBXContainerItemProxy;
			containerPortal = BE2E81E11FF44A7B00D104AC /* Project object */;
			proxyType = 1;
			remoteGlobalIDString = BE2E81FA1FF44A7B00D104AC;
			remoteInfo = "Zazen WatchKit App";
		};
		BE2E820C1FF44A7B00D104AC /* PBXContainerItemProxy */ = {
			isa = PBXContainerItemProxy;
			containerPortal = BE2E81E11FF44A7B00D104AC /* Project object */;
			proxyType = 1;
			remoteGlobalIDString = BE2E82091FF44A7B00D104AC;
			remoteInfo = "Zazen WatchKit Extension";
		};
		BEB9D4FB20DCF03E007DAA1F /* PBXContainerItemProxy */ = {
			isa = PBXContainerItemProxy;
			containerPortal = BEABAC6A20CCDEAB0016D891 /* Charts.xcodeproj */;
			proxyType = 2;
			remoteGlobalIDString = 65AD9E95D9ED4DC0BD73A743;
			remoteInfo = Charts;
		};
		BECBD3A220DCB14900C682EA /* PBXContainerItemProxy */ = {
			isa = PBXContainerItemProxy;
			containerPortal = BECBD39C20DCB14900C682EA /* Mixpanel.xcodeproj */;
			proxyType = 2;
			remoteGlobalIDString = E115947D1CFF1491007F8B4F;
			remoteInfo = Mixpanel;
		};
		BECBD3A420DCB14900C682EA /* PBXContainerItemProxy */ = {
			isa = PBXContainerItemProxy;
			containerPortal = BECBD39C20DCB14900C682EA /* Mixpanel.xcodeproj */;
			proxyType = 2;
			remoteGlobalIDString = E12782B31D4AB4B30025FB05;
			remoteInfo = Mixpanel_tvOS;
		};
		BECBD3A620DCB14900C682EA /* PBXContainerItemProxy */ = {
			isa = PBXContainerItemProxy;
			containerPortal = BECBD39C20DCB14900C682EA /* Mixpanel.xcodeproj */;
			proxyType = 2;
			remoteGlobalIDString = E1F15FC91E64A10700391AE3;
			remoteInfo = Mixpanel_macOS;
		};
		BECBD3AA20DCB15800C682EA /* PBXContainerItemProxy */ = {
			isa = PBXContainerItemProxy;
			containerPortal = BECBD39C20DCB14900C682EA /* Mixpanel.xcodeproj */;
			proxyType = 1;
			remoteGlobalIDString = E115947C1CFF1491007F8B4F;
			remoteInfo = Mixpanel;
		};
/* End PBXContainerItemProxy section */

/* Begin PBXCopyFilesBuildPhase section */
		BE2E821E1FF44A7B00D104AC /* Embed App Extensions */ = {
			isa = PBXCopyFilesBuildPhase;
			buildActionMask = 2147483647;
			dstPath = "";
			dstSubfolderSpec = 13;
			files = (
				BE2E820B1FF44A7B00D104AC /* Zendo WatchKit Extension.appex in Embed App Extensions */,
			);
			name = "Embed App Extensions";
			runOnlyForDeploymentPostprocessing = 0;
		};
		BE2E82221FF44A7B00D104AC /* Embed Watch Content */ = {
			isa = PBXCopyFilesBuildPhase;
			buildActionMask = 2147483647;
			dstPath = "$(CONTENTS_FOLDER_PATH)/Watch";
			dstSubfolderSpec = 16;
			files = (
				BE2E81FC1FF44A7B00D104AC /* Zendo WatchKit App.app in Embed Watch Content */,
			);
			name = "Embed Watch Content";
			runOnlyForDeploymentPostprocessing = 0;
		};
		BEAFCD3A20CCF0210037F38C /* Embed Frameworks */ = {
			isa = PBXCopyFilesBuildPhase;
			buildActionMask = 2147483647;
			dstPath = "";
			dstSubfolderSpec = 10;
			files = (
				BECBD3A920DCB15800C682EA /* Mixpanel.framework in Embed Frameworks */,
				BE2DCAFC20CDC2C700666FBD /* Charts.framework in Embed Frameworks */,
			);
			name = "Embed Frameworks";
			runOnlyForDeploymentPostprocessing = 0;
		};
		BECBD39B20DCAFF200C682EA /* Embed Frameworks */ = {
			isa = PBXCopyFilesBuildPhase;
			buildActionMask = 2147483647;
			dstPath = "";
			dstSubfolderSpec = 10;
			files = (
			);
			name = "Embed Frameworks";
			runOnlyForDeploymentPostprocessing = 0;
		};
/* End PBXCopyFilesBuildPhase section */

/* Begin PBXFileReference section */
		3ED375D9041CFE360443FA0F /* SystemConfiguration.framework */ = {isa = PBXFileReference; lastKnownFileType = wrapper.framework; name = SystemConfiguration.framework; path = System/Library/Frameworks/SystemConfiguration.framework; sourceTree = SDKROOT; };
		52A40FB3C69940CC2A7D2835 /* QuartzCore.framework */ = {isa = PBXFileReference; lastKnownFileType = wrapper.framework; name = QuartzCore.framework; path = System/Library/Frameworks/QuartzCore.framework; sourceTree = SDKROOT; };
		67414F738D8DE6FB16C9FEE1 /* CoreTelephony.framework */ = {isa = PBXFileReference; lastKnownFileType = wrapper.framework; name = CoreTelephony.framework; path = System/Library/Frameworks/CoreTelephony.framework; sourceTree = SDKROOT; };
		6E976786A0B62DF02B6D3728 /* CoreMedia.framework */ = {isa = PBXFileReference; lastKnownFileType = wrapper.framework; name = CoreMedia.framework; path = System/Library/Frameworks/CoreMedia.framework; sourceTree = SDKROOT; };
		73956C9DFF514C25FAEB0010 /* Bridging-Header.h */ = {isa = PBXFileReference; includeInIndex = 1; lastKnownFileType = sourcecode.c.h; path = "Bridging-Header.h"; sourceTree = "<group>"; };
		91FBDAC94D9B42088C3E7F8B /* BuddyBuildSDK.framework */ = {isa = PBXFileReference; lastKnownFileType = wrapper.framework; path = BuddyBuildSDK.framework; sourceTree = "<group>"; };
		BE0A7227209C2B83009E23AA /* OptionsInterfaceController.swift */ = {isa = PBXFileReference; lastKnownFileType = sourcecode.swift; path = OptionsInterfaceController.swift; sourceTree = "<group>"; };
		BE24023A1FFC961A008679C4 /* Session.swift */ = {isa = PBXFileReference; fileEncoding = 4; lastKnownFileType = sourcecode.swift; path = Session.swift; sourceTree = "<group>"; };
		BE24023C1FFC965F008679C4 /* SessionInterfaceController.swift */ = {isa = PBXFileReference; fileEncoding = 4; lastKnownFileType = sourcecode.swift; path = SessionInterfaceController.swift; sourceTree = "<group>"; };
		BE2DCAFA20CDC2C700666FBD /* Charts.framework */ = {isa = PBXFileReference; explicitFileType = wrapper.framework; path = Charts.framework; sourceTree = BUILT_PRODUCTS_DIR; };
		BE2E81E91FF44A7B00D104AC /* Zendo.app */ = {isa = PBXFileReference; explicitFileType = wrapper.application; includeInIndex = 0; path = Zendo.app; sourceTree = BUILT_PRODUCTS_DIR; };
		BE2E81EC1FF44A7B00D104AC /* AppDelegate.swift */ = {isa = PBXFileReference; lastKnownFileType = sourcecode.swift; path = AppDelegate.swift; sourceTree = "<group>"; };
		BE2E81EE1FF44A7B00D104AC /* ZendoController.swift */ = {isa = PBXFileReference; lastKnownFileType = sourcecode.swift; path = ZendoController.swift; sourceTree = "<group>"; };
		BE2E81F11FF44A7B00D104AC /* Base */ = {isa = PBXFileReference; lastKnownFileType = file.storyboard; name = Base; path = Base.lproj/Main.storyboard; sourceTree = "<group>"; };
		BE2E81F61FF44A7B00D104AC /* Base */ = {isa = PBXFileReference; lastKnownFileType = file.storyboard; name = Base; path = Base.lproj/LaunchScreen.storyboard; sourceTree = "<group>"; };
		BE2E81F81FF44A7B00D104AC /* Info.plist */ = {isa = PBXFileReference; lastKnownFileType = text.plist.xml; path = Info.plist; sourceTree = "<group>"; };
		BE2E81FB1FF44A7B00D104AC /* Zendo WatchKit App.app */ = {isa = PBXFileReference; explicitFileType = wrapper.application; includeInIndex = 0; path = "Zendo WatchKit App.app"; sourceTree = BUILT_PRODUCTS_DIR; };
		BE2E82011FF44A7B00D104AC /* Base */ = {isa = PBXFileReference; lastKnownFileType = file.storyboard; name = Base; path = Base.lproj/Interface.storyboard; sourceTree = "<group>"; };
		BE2E82051FF44A7B00D104AC /* Info.plist */ = {isa = PBXFileReference; lastKnownFileType = text.plist.xml; path = Info.plist; sourceTree = "<group>"; };
		BE2E820A1FF44A7B00D104AC /* Zendo WatchKit Extension.appex */ = {isa = PBXFileReference; explicitFileType = "wrapper.app-extension"; includeInIndex = 0; path = "Zendo WatchKit Extension.appex"; sourceTree = BUILT_PRODUCTS_DIR; };
		BE2E820F1FF44A7B00D104AC /* AppInterfaceController.swift */ = {isa = PBXFileReference; lastKnownFileType = sourcecode.swift; path = AppInterfaceController.swift; sourceTree = "<group>"; };
		BE2E82111FF44A7B00D104AC /* ExtensionDelegate.swift */ = {isa = PBXFileReference; lastKnownFileType = sourcecode.swift; path = ExtensionDelegate.swift; sourceTree = "<group>"; };
		BE2E82131FF44A7B00D104AC /* NotificationController.swift */ = {isa = PBXFileReference; lastKnownFileType = sourcecode.swift; path = NotificationController.swift; sourceTree = "<group>"; };
		BE2E82171FF44A7B00D104AC /* Info.plist */ = {isa = PBXFileReference; lastKnownFileType = text.plist.xml; path = Info.plist; sourceTree = "<group>"; };
		BE2E82181FF44A7B00D104AC /* PushNotificationPayload.apns */ = {isa = PBXFileReference; lastKnownFileType = text; path = PushNotificationPayload.apns; sourceTree = "<group>"; };
		BE38CF602075D1D10095BB6C /* WebController.swift */ = {isa = PBXFileReference; lastKnownFileType = sourcecode.swift; path = WebController.swift; sourceTree = "<group>"; };
		BE4895AB206B0CC400B007D6 /* ZazenController.swift */ = {isa = PBXFileReference; lastKnownFileType = sourcecode.swift; path = ZazenController.swift; sourceTree = "<group>"; };
		BE50D2F120CC3BA200FF9C54 /* CommunityDataLoader.swift */ = {isa = PBXFileReference; lastKnownFileType = sourcecode.swift; path = CommunityDataLoader.swift; sourceTree = "<group>"; };
		BE81B26D2001B85500274FA1 /* Zendo.entitlements */ = {isa = PBXFileReference; explicitFileType = text.plist.entitlements; path = Zendo.entitlements; sourceTree = "<group>"; };
		BE81B26E2001B85500274FA1 /* HealthKit.framework */ = {isa = PBXFileReference; lastKnownFileType = wrapper.framework; name = HealthKit.framework; path = System/Library/Frameworks/HealthKit.framework; sourceTree = SDKROOT; };
		BE89838E20E6BBE300F0FD63 /* ZendoDataSource.swift */ = {isa = PBXFileReference; lastKnownFileType = sourcecode.swift; path = ZendoDataSource.swift; sourceTree = "<group>"; };
		BE8BB21E1FFDCC4600B2E113 /* HealthKit.framework */ = {isa = PBXFileReference; lastKnownFileType = wrapper.framework; name = HealthKit.framework; path = Platforms/WatchOS.platform/Developer/SDKs/WatchOS4.1.sdk/System/Library/Frameworks/HealthKit.framework; sourceTree = DEVELOPER_DIR; };
		BE8BB2201FFDCC4700B2E113 /* Zendo WatchKit Extension.entitlements */ = {isa = PBXFileReference; lastKnownFileType = text.plist.entitlements; path = "Zendo WatchKit Extension.entitlements"; sourceTree = "<group>"; };
		BE9B00012065FE44007FF96A /* CoreMotion.framework */ = {isa = PBXFileReference; lastKnownFileType = wrapper.framework; name = CoreMotion.framework; path = System/Library/Frameworks/CoreMotion.framework; sourceTree = SDKROOT; };
		BE9B00032065FF6B007FF96A /* CoreMotion.framework */ = {isa = PBXFileReference; lastKnownFileType = wrapper.framework; name = CoreMotion.framework; path = Platforms/WatchOS.platform/Developer/SDKs/WatchOS4.2.sdk/System/Library/Frameworks/CoreMotion.framework; sourceTree = DEVELOPER_DIR; };
		BE9BFFFC2065EE3D007FF96A /* ZBFHealthKit.swift */ = {isa = PBXFileReference; lastKnownFileType = sourcecode.swift; path = ZBFHealthKit.swift; sourceTree = "<group>"; };
		BE9BFFFF2065F317007FF96A /* ZBFHealthKit.swift */ = {isa = PBXFileReference; fileEncoding = 4; lastKnownFileType = sourcecode.swift; path = ZBFHealthKit.swift; sourceTree = "<group>"; };
		BEA398F120762F4700C85A84 /* Media.xcassets */ = {isa = PBXFileReference; lastKnownFileType = folder.assetcatalog; path = Media.xcassets; sourceTree = "<group>"; };
		BEABAC6A20CCDEAB0016D891 /* Charts.xcodeproj */ = {isa = PBXFileReference; lastKnownFileType = "wrapper.pb-project"; name = Charts.xcodeproj; path = Charts/Charts.xcodeproj; sourceTree = "<group>"; };
		BEBAE48720E6CDB500495C65 /* Media.xcassets */ = {isa = PBXFileReference; lastKnownFileType = folder.assetcatalog; path = Media.xcassets; sourceTree = "<group>"; };
		BEBAE48C20E6DED800495C65 /* gallery.ckcomplication */ = {isa = PBXFileReference; lastKnownFileType = folder; path = gallery.ckcomplication; sourceTree = "<group>"; };
		BECBD39C20DCB14900C682EA /* Mixpanel.xcodeproj */ = {isa = PBXFileReference; lastKnownFileType = "wrapper.pb-project"; name = Mixpanel.xcodeproj; path = "mixpanel-swift/Mixpanel.xcodeproj"; sourceTree = "<group>"; };
		BEEA862E20D4A941003E1E1D /* Media.xcassets */ = {isa = PBXFileReference; lastKnownFileType = folder.assetcatalog; path = Media.xcassets; sourceTree = "<group>"; };
		C5EE270417BDD012045FC9FF /* CoreText.framework */ = {isa = PBXFileReference; lastKnownFileType = wrapper.framework; name = CoreText.framework; path = System/Library/Frameworks/CoreText.framework; sourceTree = SDKROOT; };
		C86368BD68AC54656999A5EB /* CoreVideo.framework */ = {isa = PBXFileReference; lastKnownFileType = wrapper.framework; name = CoreVideo.framework; path = System/Library/Frameworks/CoreVideo.framework; sourceTree = SDKROOT; };
		CE470C27D2A61BA1066BBB3D /* AVFoundation.framework */ = {isa = PBXFileReference; lastKnownFileType = wrapper.framework; name = AVFoundation.framework; path = System/Library/Frameworks/AVFoundation.framework; sourceTree = SDKROOT; };
		DFDDFAA04BC9FE80FF7116C1 /* AssetsLibrary.framework */ = {isa = PBXFileReference; lastKnownFileType = wrapper.framework; name = AssetsLibrary.framework; path = System/Library/Frameworks/AssetsLibrary.framework; sourceTree = SDKROOT; };
/* End PBXFileReference section */

/* Begin PBXFrameworksBuildPhase section */
		47397AAC64B9029A95AEF01B /* Frameworks */ = {
			isa = PBXFrameworksBuildPhase;
			buildActionMask = 2147483647;
			files = (
			);
			runOnlyForDeploymentPostprocessing = 0;
		};
		BE2E81E61FF44A7B00D104AC /* Frameworks */ = {
			isa = PBXFrameworksBuildPhase;
			buildActionMask = 2147483647;
			files = (
				BE9B00022065FE45007FF96A /* CoreMotion.framework in Frameworks */,
				BE81B26F2001B85500274FA1 /* HealthKit.framework in Frameworks */,
				2D6D2103091066D4D73A2088 /* BuddyBuildSDK.framework in Frameworks */,
				52C4AB977550CE4B0C1DFC52 /* AssetsLibrary.framework in Frameworks */,
				484F7369806BC26C329D3ED3 /* CoreText.framework in Frameworks */,
				756D884E8BA9CBA19FB37A43 /* CoreTelephony.framework in Frameworks */,
				9F2DCAFBFAFD0BB491AB15EF /* SystemConfiguration.framework in Frameworks */,
				9D71E58EE28B8772ED672785 /* QuartzCore.framework in Frameworks */,
				46B6105F4E6FC71E77E4ED53 /* AVFoundation.framework in Frameworks */,
				BE2DCAFB20CDC2C700666FBD /* Charts.framework in Frameworks */,
				0E0FC1C6319858D621367458 /* CoreMedia.framework in Frameworks */,
				BECBD3A820DCB15800C682EA /* Mixpanel.framework in Frameworks */,
				0973EA6DCC666F3334C6334B /* CoreVideo.framework in Frameworks */,
			);
			runOnlyForDeploymentPostprocessing = 0;
		};
		BE2E82071FF44A7B00D104AC /* Frameworks */ = {
			isa = PBXFrameworksBuildPhase;
			buildActionMask = 2147483647;
			files = (
				BE9B00042065FF6B007FF96A /* CoreMotion.framework in Frameworks */,
				BE8BB21F1FFDCC4600B2E113 /* HealthKit.framework in Frameworks */,
			);
			runOnlyForDeploymentPostprocessing = 0;
		};
/* End PBXFrameworksBuildPhase section */

/* Begin PBXGroup section */
		BE2E81E01FF44A7B00D104AC = {
			isa = PBXGroup;
			children = (
				BECBD39C20DCB14900C682EA /* Mixpanel.xcodeproj */,
				BE2DCAFA20CDC2C700666FBD /* Charts.framework */,
				BEABAC6A20CCDEAB0016D891 /* Charts.xcodeproj */,
				BE2E81EB1FF44A7B00D104AC /* Zendo */,
				BE2E81FF1FF44A7B00D104AC /* Zendo WatchKit App */,
				BE2E820E1FF44A7B00D104AC /* Zendo WatchKit Extension */,
				BE2E81EA1FF44A7B00D104AC /* Products */,
				BE8BB21D1FFDCC4600B2E113 /* Frameworks */,
				73956C9DFF514C25FAEB0010 /* Bridging-Header.h */,
			);
			sourceTree = "<group>";
		};
		BE2E81EA1FF44A7B00D104AC /* Products */ = {
			isa = PBXGroup;
			children = (
				BE2E81E91FF44A7B00D104AC /* Zendo.app */,
				BE2E81FB1FF44A7B00D104AC /* Zendo WatchKit App.app */,
				BE2E820A1FF44A7B00D104AC /* Zendo WatchKit Extension.appex */,
			);
			name = Products;
			sourceTree = "<group>";
		};
		BE2E81EB1FF44A7B00D104AC /* Zendo */ = {
			isa = PBXGroup;
			children = (
				BEBAE48C20E6DED800495C65 /* gallery.ckcomplication */,
				BEEA862E20D4A941003E1E1D /* Media.xcassets */,
				BE9BFFFF2065F317007FF96A /* ZBFHealthKit.swift */,
				BE81B26D2001B85500274FA1 /* Zendo.entitlements */,
				BE2E81EC1FF44A7B00D104AC /* AppDelegate.swift */,
				BE2E81F01FF44A7B00D104AC /* Main.storyboard */,
				BE2E81F51FF44A7B00D104AC /* LaunchScreen.storyboard */,
				BE2E81F81FF44A7B00D104AC /* Info.plist */,
				BE38CF602075D1D10095BB6C /* WebController.swift */,
				BE4895AB206B0CC400B007D6 /* ZazenController.swift */,
				BE2E81EE1FF44A7B00D104AC /* ZendoController.swift */,
				BE50D2F120CC3BA200FF9C54 /* CommunityDataLoader.swift */,
			);
			path = Zendo;
			sourceTree = "<group>";
		};
		BE2E81FF1FF44A7B00D104AC /* Zendo WatchKit App */ = {
			isa = PBXGroup;
			children = (
				BE2E82001FF44A7B00D104AC /* Interface.storyboard */,
				BE2E82051FF44A7B00D104AC /* Info.plist */,
				BEA398F120762F4700C85A84 /* Media.xcassets */,
			);
			path = "Zendo WatchKit App";
			sourceTree = "<group>";
		};
		BE2E820E1FF44A7B00D104AC /* Zendo WatchKit Extension */ = {
			isa = PBXGroup;
			children = (
				BEBAE48720E6CDB500495C65 /* Media.xcassets */,
				BE9BFFFC2065EE3D007FF96A /* ZBFHealthKit.swift */,
				BE8BB2201FFDCC4700B2E113 /* Zendo WatchKit Extension.entitlements */,
				BE24023C1FFC965F008679C4 /* SessionInterfaceController.swift */,
				BE24023A1FFC961A008679C4 /* Session.swift */,
				BE2E820F1FF44A7B00D104AC /* AppInterfaceController.swift */,
				BE2E82111FF44A7B00D104AC /* ExtensionDelegate.swift */,
				BE2E82131FF44A7B00D104AC /* NotificationController.swift */,
				BE2E82171FF44A7B00D104AC /* Info.plist */,
				BE2E82181FF44A7B00D104AC /* PushNotificationPayload.apns */,
				BE0A7227209C2B83009E23AA /* OptionsInterfaceController.swift */,
				BE89838E20E6BBE300F0FD63 /* ZendoDataSource.swift */,
			);
			path = "Zendo WatchKit Extension";
			sourceTree = "<group>";
		};
		BE8BB21D1FFDCC4600B2E113 /* Frameworks */ = {
			isa = PBXGroup;
			children = (
				BE9B00012065FE44007FF96A /* CoreMotion.framework */,
				BE9B00032065FF6B007FF96A /* CoreMotion.framework */,
				BE81B26E2001B85500274FA1 /* HealthKit.framework */,
				BE8BB21E1FFDCC4600B2E113 /* HealthKit.framework */,
				91FBDAC94D9B42088C3E7F8B /* BuddyBuildSDK.framework */,
				DFDDFAA04BC9FE80FF7116C1 /* AssetsLibrary.framework */,
				C5EE270417BDD012045FC9FF /* CoreText.framework */,
				67414F738D8DE6FB16C9FEE1 /* CoreTelephony.framework */,
				3ED375D9041CFE360443FA0F /* SystemConfiguration.framework */,
				52A40FB3C69940CC2A7D2835 /* QuartzCore.framework */,
				CE470C27D2A61BA1066BBB3D /* AVFoundation.framework */,
				6E976786A0B62DF02B6D3728 /* CoreMedia.framework */,
				C86368BD68AC54656999A5EB /* CoreVideo.framework */,
			);
			name = Frameworks;
			sourceTree = "<group>";
		};
		BEB9D4F820DCF03E007DAA1F /* Products */ = {
			isa = PBXGroup;
			children = (
				BEB9D4FC20DCF03E007DAA1F /* Charts.framework */,
			);
			name = Products;
			sourceTree = "<group>";
		};
		BECBD39D20DCB14900C682EA /* Products */ = {
			isa = PBXGroup;
			children = (
				BECBD3A320DCB14900C682EA /* Mixpanel.framework */,
				BECBD3A520DCB14900C682EA /* Mixpanel.framework */,
				BECBD3A720DCB14900C682EA /* Mixpanel.framework */,
			);
			name = Products;
			sourceTree = "<group>";
		};
/* End PBXGroup section */

/* Begin PBXNativeTarget section */
		BE2E81E81FF44A7B00D104AC /* Zendo */ = {
			isa = PBXNativeTarget;
			buildConfigurationList = BE2E82231FF44A7B00D104AC /* Build configuration list for PBXNativeTarget "Zendo" */;
			buildPhases = (
				BE2E81E51FF44A7B00D104AC /* Sources */,
				BE2E81E61FF44A7B00D104AC /* Frameworks */,
				BE2E81E71FF44A7B00D104AC /* Resources */,
				BE2E82221FF44A7B00D104AC /* Embed Watch Content */,
				BEAFCD3A20CCF0210037F38C /* Embed Frameworks */,
			);
			buildRules = (
			);
			dependencies = (
				BE2E81FE1FF44A7B00D104AC /* PBXTargetDependency */,
				BECBD3AB20DCB15800C682EA /* PBXTargetDependency */,
			);
			name = Zendo;
			productName = Zazen;
			productReference = BE2E81E91FF44A7B00D104AC /* Zendo.app */;
			productType = "com.apple.product-type.application";
		};
		BE2E81FA1FF44A7B00D104AC /* Zendo WatchKit App */ = {
			isa = PBXNativeTarget;
			buildConfigurationList = BE2E821F1FF44A7B00D104AC /* Build configuration list for PBXNativeTarget "Zendo WatchKit App" */;
			buildPhases = (
				BE2E81F91FF44A7B00D104AC /* Resources */,
				BE2E821E1FF44A7B00D104AC /* Embed App Extensions */,
				47397AAC64B9029A95AEF01B /* Frameworks */,
				BECBD39B20DCAFF200C682EA /* Embed Frameworks */,
			);
			buildRules = (
			);
			dependencies = (
				BE2E820D1FF44A7B00D104AC /* PBXTargetDependency */,
			);
			name = "Zendo WatchKit App";
			productName = "Zazen WatchKit App";
			productReference = BE2E81FB1FF44A7B00D104AC /* Zendo WatchKit App.app */;
			productType = "com.apple.product-type.application.watchapp2";
		};
		BE2E82091FF44A7B00D104AC /* Zendo WatchKit Extension */ = {
			isa = PBXNativeTarget;
			buildConfigurationList = BE2E821B1FF44A7B00D104AC /* Build configuration list for PBXNativeTarget "Zendo WatchKit Extension" */;
			buildPhases = (
				BE2E82061FF44A7B00D104AC /* Sources */,
				BE2E82071FF44A7B00D104AC /* Frameworks */,
				BE2E82081FF44A7B00D104AC /* Resources */,
			);
			buildRules = (
			);
			dependencies = (
			);
			name = "Zendo WatchKit Extension";
			productName = "Zazen WatchKit Extension";
			productReference = BE2E820A1FF44A7B00D104AC /* Zendo WatchKit Extension.appex */;
			productType = "com.apple.product-type.watchkit2-extension";
		};
/* End PBXNativeTarget section */

/* Begin PBXProject section */
		BE2E81E11FF44A7B00D104AC /* Project object */ = {
			isa = PBXProject;
			attributes = {
				LastSwiftUpdateCheck = 0920;
				LastUpgradeCheck = 0930;
				ORGANIZATIONNAME = zenbf;
				TargetAttributes = {
					BE2E81E81FF44A7B00D104AC = {
						CreatedOnToolsVersion = 9.2;
						ProvisioningStyle = Automatic;
						SystemCapabilities = {
							com.apple.HealthKit = {
								enabled = 1;
							};
						};
					};
					BE2E81FA1FF44A7B00D104AC = {
						CreatedOnToolsVersion = 9.2;
						ProvisioningStyle = Automatic;
					};
					BE2E82091FF44A7B00D104AC = {
						CreatedOnToolsVersion = 9.2;
						ProvisioningStyle = Automatic;
						SystemCapabilities = {
							com.apple.HealthKit.watchos = {
								enabled = 1;
							};
						};
					};
				};
			};
			buildConfigurationList = BE2E81E41FF44A7B00D104AC /* Build configuration list for PBXProject "Zendo" */;
			compatibilityVersion = "Xcode 8.0";
			developmentRegion = en;
			hasScannedForEncodings = 0;
			knownRegions = (
				en,
				Base,
			);
			mainGroup = BE2E81E01FF44A7B00D104AC;
			productRefGroup = BE2E81EA1FF44A7B00D104AC /* Products */;
			projectDirPath = "";
			projectReferences = (
				{
					ProductGroup = BEB9D4F820DCF03E007DAA1F /* Products */;
					ProjectRef = BEABAC6A20CCDEAB0016D891 /* Charts.xcodeproj */;
				},
				{
					ProductGroup = BECBD39D20DCB14900C682EA /* Products */;
					ProjectRef = BECBD39C20DCB14900C682EA /* Mixpanel.xcodeproj */;
				},
			);
			projectRoot = "";
			targets = (
				BE2E81E81FF44A7B00D104AC /* Zendo */,
				BE2E81FA1FF44A7B00D104AC /* Zendo WatchKit App */,
				BE2E82091FF44A7B00D104AC /* Zendo WatchKit Extension */,
			);
		};
/* End PBXProject section */

/* Begin PBXReferenceProxy section */
		BEB9D4FC20DCF03E007DAA1F /* Charts.framework */ = {
			isa = PBXReferenceProxy;
			fileType = wrapper.framework;
			path = Charts.framework;
			remoteRef = BEB9D4FB20DCF03E007DAA1F /* PBXContainerItemProxy */;
			sourceTree = BUILT_PRODUCTS_DIR;
		};
		BECBD3A320DCB14900C682EA /* Mixpanel.framework */ = {
			isa = PBXReferenceProxy;
			fileType = wrapper.framework;
			path = Mixpanel.framework;
			remoteRef = BECBD3A220DCB14900C682EA /* PBXContainerItemProxy */;
			sourceTree = BUILT_PRODUCTS_DIR;
		};
		BECBD3A520DCB14900C682EA /* Mixpanel.framework */ = {
			isa = PBXReferenceProxy;
			fileType = wrapper.framework;
			path = Mixpanel.framework;
			remoteRef = BECBD3A420DCB14900C682EA /* PBXContainerItemProxy */;
			sourceTree = BUILT_PRODUCTS_DIR;
		};
		BECBD3A720DCB14900C682EA /* Mixpanel.framework */ = {
			isa = PBXReferenceProxy;
			fileType = wrapper.framework;
			path = Mixpanel.framework;
			remoteRef = BECBD3A620DCB14900C682EA /* PBXContainerItemProxy */;
			sourceTree = BUILT_PRODUCTS_DIR;
		};
/* End PBXReferenceProxy section */

/* Begin PBXResourcesBuildPhase section */
		BE2E81E71FF44A7B00D104AC /* Resources */ = {
			isa = PBXResourcesBuildPhase;
			buildActionMask = 2147483647;
			files = (
				BEBAE48D20E6DED800495C65 /* gallery.ckcomplication in Resources */,
				BE2E81F71FF44A7B00D104AC /* LaunchScreen.storyboard in Resources */,
				BEEA862F20D4A941003E1E1D /* Media.xcassets in Resources */,
				BE2E81F21FF44A7B00D104AC /* Main.storyboard in Resources */,
			);
			runOnlyForDeploymentPostprocessing = 0;
		};
		BE2E81F91FF44A7B00D104AC /* Resources */ = {
			isa = PBXResourcesBuildPhase;
			buildActionMask = 2147483647;
			files = (
				BEA398F220762F4700C85A84 /* Media.xcassets in Resources */,
				BE2E82021FF44A7B00D104AC /* Interface.storyboard in Resources */,
			);
			runOnlyForDeploymentPostprocessing = 0;
		};
		BE2E82081FF44A7B00D104AC /* Resources */ = {
			isa = PBXResourcesBuildPhase;
			buildActionMask = 2147483647;
			files = (
				BEBAE48B20E6CDB500495C65 /* Media.xcassets in Resources */,
			);
			runOnlyForDeploymentPostprocessing = 0;
		};
/* End PBXResourcesBuildPhase section */

/* Begin PBXSourcesBuildPhase section */
		BE2E81E51FF44A7B00D104AC /* Sources */ = {
			isa = PBXSourcesBuildPhase;
			buildActionMask = 2147483647;
			files = (
				BE38CF612075D1D10095BB6C /* WebController.swift in Sources */,
				BE50D2F220CC3BA200FF9C54 /* CommunityDataLoader.swift in Sources */,
				BE2E81EF1FF44A7B00D104AC /* ZendoController.swift in Sources */,
				BE9B00002065F317007FF96A /* ZBFHealthKit.swift in Sources */,
				BE4895AC206B0CC400B007D6 /* ZazenController.swift in Sources */,
				BE2E81ED1FF44A7B00D104AC /* AppDelegate.swift in Sources */,
			);
			runOnlyForDeploymentPostprocessing = 0;
		};
		BE2E82061FF44A7B00D104AC /* Sources */ = {
			isa = PBXSourcesBuildPhase;
			buildActionMask = 2147483647;
			files = (
				BE24023B1FFC961A008679C4 /* Session.swift in Sources */,
				BE9BFFFE2065F215007FF96A /* ZBFHealthKit.swift in Sources */,
				BE2E82141FF44A7B00D104AC /* NotificationController.swift in Sources */,
				BE89838F20E6BBE300F0FD63 /* ZendoDataSource.swift in Sources */,
				BE2E82121FF44A7B00D104AC /* ExtensionDelegate.swift in Sources */,
				BE24023D1FFC965F008679C4 /* SessionInterfaceController.swift in Sources */,
				BE0A7228209C2B83009E23AA /* OptionsInterfaceController.swift in Sources */,
				BE2E82101FF44A7B00D104AC /* AppInterfaceController.swift in Sources */,
			);
			runOnlyForDeploymentPostprocessing = 0;
		};
/* End PBXSourcesBuildPhase section */

/* Begin PBXTargetDependency section */
		BE2E81FE1FF44A7B00D104AC /* PBXTargetDependency */ = {
			isa = PBXTargetDependency;
			target = BE2E81FA1FF44A7B00D104AC /* Zendo WatchKit App */;
			targetProxy = BE2E81FD1FF44A7B00D104AC /* PBXContainerItemProxy */;
		};
		BE2E820D1FF44A7B00D104AC /* PBXTargetDependency */ = {
			isa = PBXTargetDependency;
			target = BE2E82091FF44A7B00D104AC /* Zendo WatchKit Extension */;
			targetProxy = BE2E820C1FF44A7B00D104AC /* PBXContainerItemProxy */;
		};
		BECBD3AB20DCB15800C682EA /* PBXTargetDependency */ = {
			isa = PBXTargetDependency;
			name = Mixpanel;
			targetProxy = BECBD3AA20DCB15800C682EA /* PBXContainerItemProxy */;
		};
/* End PBXTargetDependency section */

/* Begin PBXVariantGroup section */
		BE2E81F01FF44A7B00D104AC /* Main.storyboard */ = {
			isa = PBXVariantGroup;
			children = (
				BE2E81F11FF44A7B00D104AC /* Base */,
			);
			name = Main.storyboard;
			sourceTree = "<group>";
		};
		BE2E81F51FF44A7B00D104AC /* LaunchScreen.storyboard */ = {
			isa = PBXVariantGroup;
			children = (
				BE2E81F61FF44A7B00D104AC /* Base */,
			);
			name = LaunchScreen.storyboard;
			sourceTree = "<group>";
		};
		BE2E82001FF44A7B00D104AC /* Interface.storyboard */ = {
			isa = PBXVariantGroup;
			children = (
				BE2E82011FF44A7B00D104AC /* Base */,
			);
			name = Interface.storyboard;
			sourceTree = "<group>";
		};
/* End PBXVariantGroup section */

/* Begin XCBuildConfiguration section */
		BE2E82191FF44A7B00D104AC /* Debug */ = {
			isa = XCBuildConfiguration;
			buildSettings = {
				ALWAYS_SEARCH_USER_PATHS = NO;
				CLANG_ANALYZER_NONNULL = YES;
				CLANG_ANALYZER_NUMBER_OBJECT_CONVERSION = YES_AGGRESSIVE;
				CLANG_CXX_LANGUAGE_STANDARD = "gnu++14";
				CLANG_CXX_LIBRARY = "libc++";
				CLANG_ENABLE_MODULES = YES;
				CLANG_ENABLE_OBJC_ARC = YES;
				CLANG_WARN_BLOCK_CAPTURE_AUTORELEASING = YES;
				CLANG_WARN_BOOL_CONVERSION = YES;
				CLANG_WARN_COMMA = YES;
				CLANG_WARN_CONSTANT_CONVERSION = YES;
				CLANG_WARN_DEPRECATED_OBJC_IMPLEMENTATIONS = YES;
				CLANG_WARN_DIRECT_OBJC_ISA_USAGE = YES_ERROR;
				CLANG_WARN_DOCUMENTATION_COMMENTS = YES;
				CLANG_WARN_EMPTY_BODY = YES;
				CLANG_WARN_ENUM_CONVERSION = YES;
				CLANG_WARN_INFINITE_RECURSION = YES;
				CLANG_WARN_INT_CONVERSION = YES;
				CLANG_WARN_NON_LITERAL_NULL_CONVERSION = YES;
				CLANG_WARN_OBJC_IMPLICIT_RETAIN_SELF = YES;
				CLANG_WARN_OBJC_LITERAL_CONVERSION = YES;
				CLANG_WARN_OBJC_ROOT_CLASS = YES_ERROR;
				CLANG_WARN_RANGE_LOOP_ANALYSIS = YES;
				CLANG_WARN_STRICT_PROTOTYPES = YES;
				CLANG_WARN_SUSPICIOUS_MOVE = YES;
				CLANG_WARN_UNGUARDED_AVAILABILITY = YES_AGGRESSIVE;
				CLANG_WARN_UNREACHABLE_CODE = YES;
				CLANG_WARN__DUPLICATE_METHOD_MATCH = YES;
				CODE_SIGN_IDENTITY = "iPhone Developer";
				COPY_PHASE_STRIP = NO;
				DEBUG_INFORMATION_FORMAT = dwarf;
				ENABLE_STRICT_OBJC_MSGSEND = YES;
				ENABLE_TESTABILITY = YES;
				GCC_C_LANGUAGE_STANDARD = gnu11;
				GCC_DYNAMIC_NO_PIC = NO;
				GCC_NO_COMMON_BLOCKS = YES;
				GCC_OPTIMIZATION_LEVEL = 0;
				GCC_PREPROCESSOR_DEFINITIONS = (
					"DEBUG=1",
					"$(inherited)",
				);
				GCC_WARN_64_TO_32_BIT_CONVERSION = YES;
				GCC_WARN_ABOUT_RETURN_TYPE = YES_ERROR;
				GCC_WARN_UNDECLARED_SELECTOR = YES;
				GCC_WARN_UNINITIALIZED_AUTOS = YES_AGGRESSIVE;
				GCC_WARN_UNUSED_FUNCTION = YES;
				GCC_WARN_UNUSED_VARIABLE = YES;
				IPHONEOS_DEPLOYMENT_TARGET = 11.2;
				MTL_ENABLE_DEBUG_INFO = YES;
				ONLY_ACTIVE_ARCH = YES;
				SDKROOT = iphoneos;
				SWIFT_ACTIVE_COMPILATION_CONDITIONS = DEBUG;
				SWIFT_OPTIMIZATION_LEVEL = "-Onone";
				SWIFT_VERSION = 4.0;
			};
			name = Debug;
		};
		BE2E821A1FF44A7B00D104AC /* Release */ = {
			isa = XCBuildConfiguration;
			buildSettings = {
				ALWAYS_SEARCH_USER_PATHS = NO;
				CLANG_ANALYZER_NONNULL = YES;
				CLANG_ANALYZER_NUMBER_OBJECT_CONVERSION = YES_AGGRESSIVE;
				CLANG_CXX_LANGUAGE_STANDARD = "gnu++14";
				CLANG_CXX_LIBRARY = "libc++";
				CLANG_ENABLE_MODULES = YES;
				CLANG_ENABLE_OBJC_ARC = YES;
				CLANG_WARN_BLOCK_CAPTURE_AUTORELEASING = YES;
				CLANG_WARN_BOOL_CONVERSION = YES;
				CLANG_WARN_COMMA = YES;
				CLANG_WARN_CONSTANT_CONVERSION = YES;
				CLANG_WARN_DEPRECATED_OBJC_IMPLEMENTATIONS = YES;
				CLANG_WARN_DIRECT_OBJC_ISA_USAGE = YES_ERROR;
				CLANG_WARN_DOCUMENTATION_COMMENTS = YES;
				CLANG_WARN_EMPTY_BODY = YES;
				CLANG_WARN_ENUM_CONVERSION = YES;
				CLANG_WARN_INFINITE_RECURSION = YES;
				CLANG_WARN_INT_CONVERSION = YES;
				CLANG_WARN_NON_LITERAL_NULL_CONVERSION = YES;
				CLANG_WARN_OBJC_IMPLICIT_RETAIN_SELF = YES;
				CLANG_WARN_OBJC_LITERAL_CONVERSION = YES;
				CLANG_WARN_OBJC_ROOT_CLASS = YES_ERROR;
				CLANG_WARN_RANGE_LOOP_ANALYSIS = YES;
				CLANG_WARN_STRICT_PROTOTYPES = YES;
				CLANG_WARN_SUSPICIOUS_MOVE = YES;
				CLANG_WARN_UNGUARDED_AVAILABILITY = YES_AGGRESSIVE;
				CLANG_WARN_UNREACHABLE_CODE = YES;
				CLANG_WARN__DUPLICATE_METHOD_MATCH = YES;
				CODE_SIGN_IDENTITY = "iPhone Developer";
				COPY_PHASE_STRIP = NO;
				DEBUG_INFORMATION_FORMAT = "dwarf-with-dsym";
				ENABLE_NS_ASSERTIONS = NO;
				ENABLE_STRICT_OBJC_MSGSEND = YES;
				GCC_C_LANGUAGE_STANDARD = gnu11;
				GCC_NO_COMMON_BLOCKS = YES;
				GCC_WARN_64_TO_32_BIT_CONVERSION = YES;
				GCC_WARN_ABOUT_RETURN_TYPE = YES_ERROR;
				GCC_WARN_UNDECLARED_SELECTOR = YES;
				GCC_WARN_UNINITIALIZED_AUTOS = YES_AGGRESSIVE;
				GCC_WARN_UNUSED_FUNCTION = YES;
				GCC_WARN_UNUSED_VARIABLE = YES;
				IPHONEOS_DEPLOYMENT_TARGET = 11.2;
				MTL_ENABLE_DEBUG_INFO = NO;
				SDKROOT = iphoneos;
				SWIFT_OPTIMIZATION_LEVEL = "-Owholemodule";
				SWIFT_VERSION = 4.0;
				VALIDATE_PRODUCT = YES;
			};
			name = Release;
		};
		BE2E821C1FF44A7B00D104AC /* Debug */ = {
			isa = XCBuildConfiguration;
			buildSettings = {
				ASSETCATALOG_COMPILER_COMPLICATION_NAME = Complication;
				CODE_SIGN_ENTITLEMENTS = "Zendo WatchKit Extension/Zendo WatchKit Extension.entitlements";
				CODE_SIGN_IDENTITY = "iPhone Developer";
				"CODE_SIGN_IDENTITY[sdk=watchos*]" = "iPhone Developer";
				CODE_SIGN_STYLE = Automatic;
				DEVELOPMENT_TEAM = 6N25VDH5A9;
				INFOPLIST_FILE = "Zendo WatchKit Extension/Info.plist";
				LD_RUNPATH_SEARCH_PATHS = "$(inherited) @executable_path/Frameworks @executable_path/../../Frameworks";
				PRODUCT_BUNDLE_IDENTIFIER = tools.sunyata.Zendo.watchkit.ext;
				PRODUCT_NAME = "${TARGET_NAME}";
				PROVISIONING_PROFILE = "";
				PROVISIONING_PROFILE_SPECIFIER = "";
				SDKROOT = watchos;
				SKIP_INSTALL = YES;
				SWIFT_VERSION = 4.0;
				TARGETED_DEVICE_FAMILY = 4;
				WATCHOS_DEPLOYMENT_TARGET = 4.0;
			};
			name = Debug;
		};
		BE2E821D1FF44A7B00D104AC /* Release */ = {
			isa = XCBuildConfiguration;
			buildSettings = {
				ASSETCATALOG_COMPILER_COMPLICATION_NAME = Complication;
				CODE_SIGN_ENTITLEMENTS = "Zendo WatchKit Extension/Zendo WatchKit Extension.entitlements";
				CODE_SIGN_IDENTITY = "iPhone Developer";
				"CODE_SIGN_IDENTITY[sdk=watchos*]" = "iPhone Developer";
				CODE_SIGN_STYLE = Automatic;
				DEVELOPMENT_TEAM = 6N25VDH5A9;
				INFOPLIST_FILE = "Zendo WatchKit Extension/Info.plist";
				LD_RUNPATH_SEARCH_PATHS = "$(inherited) @executable_path/Frameworks @executable_path/../../Frameworks";
				PRODUCT_BUNDLE_IDENTIFIER = tools.sunyata.Zendo.watchkit.ext;
				PRODUCT_NAME = "${TARGET_NAME}";
				PROVISIONING_PROFILE = "";
				PROVISIONING_PROFILE_SPECIFIER = "";
				SDKROOT = watchos;
				SKIP_INSTALL = YES;
				SWIFT_VERSION = 4.0;
				TARGETED_DEVICE_FAMILY = 4;
				WATCHOS_DEPLOYMENT_TARGET = 4.0;
			};
			name = Release;
		};
		BE2E82201FF44A7B00D104AC /* Debug */ = {
			isa = XCBuildConfiguration;
			buildSettings = {
				ALWAYS_EMBED_SWIFT_STANDARD_LIBRARIES = YES;
				ASSETCATALOG_COMPILER_APPICON_NAME = AppIcon;
				CODE_SIGN_IDENTITY = "iPhone Developer";
				"CODE_SIGN_IDENTITY[sdk=watchos*]" = "iPhone Developer";
				CODE_SIGN_STYLE = Automatic;
				DEVELOPMENT_TEAM = 6N25VDH5A9;
				IBSC_MODULE = Zendo_WatchKit_Extension;
				INFOPLIST_FILE = "Zendo WatchKit App/Info.plist";
				LD_RUNPATH_SEARCH_PATHS = "$(inherited) @executable_path/Frameworks";
				PRODUCT_BUNDLE_IDENTIFIER = tools.sunyata.Zendo.watchkit;
				PRODUCT_NAME = "$(TARGET_NAME)";
				PROVISIONING_PROFILE = "";
				PROVISIONING_PROFILE_SPECIFIER = "";
				SDKROOT = watchos;
				SKIP_INSTALL = YES;
				SWIFT_VERSION = 4.0;
				TARGETED_DEVICE_FAMILY = 4;
				WATCHOS_DEPLOYMENT_TARGET = 4.0;
			};
			name = Debug;
		};
		BE2E82211FF44A7B00D104AC /* Release */ = {
			isa = XCBuildConfiguration;
			buildSettings = {
				ALWAYS_EMBED_SWIFT_STANDARD_LIBRARIES = YES;
				ASSETCATALOG_COMPILER_APPICON_NAME = AppIcon;
				CODE_SIGN_IDENTITY = "iPhone Developer";
				"CODE_SIGN_IDENTITY[sdk=watchos*]" = "iPhone Developer";
				CODE_SIGN_STYLE = Automatic;
				DEVELOPMENT_TEAM = 6N25VDH5A9;
				IBSC_MODULE = Zendo_WatchKit_Extension;
				INFOPLIST_FILE = "Zendo WatchKit App/Info.plist";
				LD_RUNPATH_SEARCH_PATHS = "$(inherited) @executable_path/Frameworks";
				PRODUCT_BUNDLE_IDENTIFIER = tools.sunyata.Zendo.watchkit;
				PRODUCT_NAME = "$(TARGET_NAME)";
				PROVISIONING_PROFILE = "";
				PROVISIONING_PROFILE_SPECIFIER = "";
				SDKROOT = watchos;
				SKIP_INSTALL = YES;
				SWIFT_VERSION = 4.0;
				TARGETED_DEVICE_FAMILY = 4;
				WATCHOS_DEPLOYMENT_TARGET = 4.0;
			};
			name = Release;
		};
		BE2E82241FF44A7B00D104AC /* Debug */ = {
			isa = XCBuildConfiguration;
			buildSettings = {
				ALWAYS_EMBED_SWIFT_STANDARD_LIBRARIES = YES;
				ASSETCATALOG_COMPILER_APPICON_NAME = AppIcon;
				CODE_SIGN_ENTITLEMENTS = Zendo/Zendo.entitlements;
				CODE_SIGN_IDENTITY = "iPhone Developer";
				"CODE_SIGN_IDENTITY[sdk=iphoneos*]" = "iPhone Developer";
				CODE_SIGN_STYLE = Automatic;
				DEVELOPMENT_TEAM = 6N25VDH5A9;
				FRAMEWORK_SEARCH_PATHS = (
					"$(inherited)",
					"$(PROJECT_DIR)",
				);
				INFOPLIST_FILE = Zendo/Info.plist;
				IPHONEOS_DEPLOYMENT_TARGET = 11.2;
				LD_RUNPATH_SEARCH_PATHS = "$(inherited) @executable_path/Frameworks";
				PRODUCT_BUNDLE_IDENTIFIER = tools.sunyata.Zendo;
				PRODUCT_NAME = "$(TARGET_NAME)";
				PROVISIONING_PROFILE = "";
				PROVISIONING_PROFILE_SPECIFIER = "";
				SWIFT_OBJC_BRIDGING_HEADER = "Bridging-Header.h";
				SWIFT_VERSION = 4.0;
				TARGETED_DEVICE_FAMILY = 1;
			};
			name = Debug;
		};
		BE2E82251FF44A7B00D104AC /* Release */ = {
			isa = XCBuildConfiguration;
			buildSettings = {
				ALWAYS_EMBED_SWIFT_STANDARD_LIBRARIES = YES;
				ASSETCATALOG_COMPILER_APPICON_NAME = AppIcon;
				CODE_SIGN_ENTITLEMENTS = Zendo/Zendo.entitlements;
				CODE_SIGN_IDENTITY = "iPhone Developer";
				"CODE_SIGN_IDENTITY[sdk=iphoneos*]" = "iPhone Developer";
				CODE_SIGN_STYLE = Automatic;
				DEVELOPMENT_TEAM = 6N25VDH5A9;
				FRAMEWORK_SEARCH_PATHS = (
					"$(inherited)",
					"$(PROJECT_DIR)",
				);
				INFOPLIST_FILE = Zendo/Info.plist;
				IPHONEOS_DEPLOYMENT_TARGET = 11.2;
				LD_RUNPATH_SEARCH_PATHS = "$(inherited) @executable_path/Frameworks";
				PRODUCT_BUNDLE_IDENTIFIER = tools.sunyata.Zendo;
				PRODUCT_NAME = "$(TARGET_NAME)";
				PROVISIONING_PROFILE = "";
				PROVISIONING_PROFILE_SPECIFIER = "";
				SWIFT_OBJC_BRIDGING_HEADER = "Bridging-Header.h";
				SWIFT_VERSION = 4.0;
				TARGETED_DEVICE_FAMILY = 1;
			};
			name = Release;
		};
/* End XCBuildConfiguration section */

/* Begin XCConfigurationList section */
		BE2E81E41FF44A7B00D104AC /* Build configuration list for PBXProject "Zendo" */ = {
			isa = XCConfigurationList;
			buildConfigurations = (
				BE2E82191FF44A7B00D104AC /* Debug */,
				BE2E821A1FF44A7B00D104AC /* Release */,
			);
			defaultConfigurationIsVisible = 0;
			defaultConfigurationName = Release;
		};
		BE2E821B1FF44A7B00D104AC /* Build configuration list for PBXNativeTarget "Zendo WatchKit Extension" */ = {
			isa = XCConfigurationList;
			buildConfigurations = (
				BE2E821C1FF44A7B00D104AC /* Debug */,
				BE2E821D1FF44A7B00D104AC /* Release */,
			);
			defaultConfigurationIsVisible = 0;
			defaultConfigurationName = Release;
		};
		BE2E821F1FF44A7B00D104AC /* Build configuration list for PBXNativeTarget "Zendo WatchKit App" */ = {
			isa = XCConfigurationList;
			buildConfigurations = (
				BE2E82201FF44A7B00D104AC /* Debug */,
				BE2E82211FF44A7B00D104AC /* Release */,
			);
			defaultConfigurationIsVisible = 0;
			defaultConfigurationName = Release;
		};
		BE2E82231FF44A7B00D104AC /* Build configuration list for PBXNativeTarget "Zendo" */ = {
			isa = XCConfigurationList;
			buildConfigurations = (
				BE2E82241FF44A7B00D104AC /* Debug */,
				BE2E82251FF44A7B00D104AC /* Release */,
			);
			defaultConfigurationIsVisible = 0;
			defaultConfigurationName = Release;
		};
/* End XCConfigurationList section */
	};
	rootObject = BE2E81E11FF44A7B00D104AC /* Project object */;
}
